// !$*UTF8*$!
{
	archiveVersion = 1;
	classes = {
	};
	objectVersion = 51;
	objects = {

/* Begin PBXBuildFile section */
		0EA2623AE4A92EE3394706A8 /* Pods_SmartGlassesTests.framework in Frameworks */ = {isa = PBXBuildFile; fileRef = 85D3D9CB66089B286B62CD14 /* Pods_SmartGlassesTests.framework */; };
		5E0A419725F2F9A100B3A5E4 /* SmartGlassesApp.swift in Sources */ = {isa = PBXBuildFile; fileRef = 5E0A419625F2F9A100B3A5E4 /* SmartGlassesApp.swift */; };
		5E0A419925F2F9A100B3A5E4 /* ContentView.swift in Sources */ = {isa = PBXBuildFile; fileRef = 5E0A419825F2F9A100B3A5E4 /* ContentView.swift */; };
		5E0A419B25F2F9A300B3A5E4 /* Assets.xcassets in Resources */ = {isa = PBXBuildFile; fileRef = 5E0A419A25F2F9A300B3A5E4 /* Assets.xcassets */; };
		5E0A419E25F2F9A300B3A5E4 /* Preview Assets.xcassets in Resources */ = {isa = PBXBuildFile; fileRef = 5E0A419D25F2F9A300B3A5E4 /* Preview Assets.xcassets */; };
		5E0A41A925F2F9A300B3A5E4 /* SmartGlassesTests.swift in Sources */ = {isa = PBXBuildFile; fileRef = 5E0A41A825F2F9A300B3A5E4 /* SmartGlassesTests.swift */; };
		5E0A41B425F2F9A300B3A5E4 /* SmartGlassesUITests.swift in Sources */ = {isa = PBXBuildFile; fileRef = 5E0A41B325F2F9A300B3A5E4 /* SmartGlassesUITests.swift */; };
		5E0A41C525F2FAFD00B3A5E4 /* Transcriber.swift in Sources */ = {isa = PBXBuildFile; fileRef = 5E0A41C425F2FAFD00B3A5E4 /* Transcriber.swift */; };
		5E49198F25FEC9DD00DFABEE /* BLEManager.swift in Sources */ = {isa = PBXBuildFile; fileRef = 5E49198E25FEC9DD00DFABEE /* BLEManager.swift */; };
		5E611C082623C81B006ADB9F /* boat.jpeg in Resources */ = {isa = PBXBuildFile; fileRef = 5E611C072623C81B006ADB9F /* boat.jpeg */; };
		5E611C0D2623C820006ADB9F /* image.jpeg in Resources */ = {isa = PBXBuildFile; fileRef = 5E611C0C2623C820006ADB9F /* image.jpeg */; };
		5E611C122623C829006ADB9F /* Recognizer.swift in Sources */ = {isa = PBXBuildFile; fileRef = 5E611C112623C829006ADB9F /* Recognizer.swift */; };
		5E611C172623C832006ADB9F /* monkey.jpeg in Resources */ = {isa = PBXBuildFile; fileRef = 5E611C162623C832006ADB9F /* monkey.jpeg */; };
		5E7E70BE25F30A470005C718 /* test.m4a in Resources */ = {isa = PBXBuildFile; fileRef = 5E7E70BD25F30A470005C718 /* test.m4a */; };
		85A6E6B4F28FD01E8E4063CD /* Pods_SmartGlasses.framework in Frameworks */ = {isa = PBXBuildFile; fileRef = 8E4EAC1686D88536872194F9 /* Pods_SmartGlasses.framework */; };
		AB5F5779948DC54880A2B383 /* Pods_SmartGlasses_SmartGlassesUITests.framework in Frameworks */ = {isa = PBXBuildFile; fileRef = 9E9FF32412E12ECD89F20BFF /* Pods_SmartGlasses_SmartGlassesUITests.framework */; };
/* End PBXBuildFile section */

/* Begin PBXContainerItemProxy section */
		5E0A41A525F2F9A300B3A5E4 /* PBXContainerItemProxy */ = {
			isa = PBXContainerItemProxy;
			containerPortal = 5E0A418B25F2F9A100B3A5E4 /* Project object */;
			proxyType = 1;
			remoteGlobalIDString = 5E0A419225F2F9A100B3A5E4;
			remoteInfo = SmartGlasses;
		};
		5E0A41B025F2F9A300B3A5E4 /* PBXContainerItemProxy */ = {
			isa = PBXContainerItemProxy;
			containerPortal = 5E0A418B25F2F9A100B3A5E4 /* Project object */;
			proxyType = 1;
			remoteGlobalIDString = 5E0A419225F2F9A100B3A5E4;
			remoteInfo = SmartGlasses;
		};
/* End PBXContainerItemProxy section */

/* Begin PBXFileReference section */
		06AFA73D48BB466F1CC20001 /* Pods-SmartGlasses.release.xcconfig */ = {isa = PBXFileReference; includeInIndex = 1; lastKnownFileType = text.xcconfig; name = "Pods-SmartGlasses.release.xcconfig"; path = "Target Support Files/Pods-SmartGlasses/Pods-SmartGlasses.release.xcconfig"; sourceTree = "<group>"; };
		4258312343242B83E087D61A /* Pods-SmartGlassesTests.debug.xcconfig */ = {isa = PBXFileReference; includeInIndex = 1; lastKnownFileType = text.xcconfig; name = "Pods-SmartGlassesTests.debug.xcconfig"; path = "Target Support Files/Pods-SmartGlassesTests/Pods-SmartGlassesTests.debug.xcconfig"; sourceTree = "<group>"; };
		5E0A419325F2F9A100B3A5E4 /* SmartGlasses.app */ = {isa = PBXFileReference; explicitFileType = wrapper.application; includeInIndex = 0; path = SmartGlasses.app; sourceTree = BUILT_PRODUCTS_DIR; };
		5E0A419625F2F9A100B3A5E4 /* SmartGlassesApp.swift */ = {isa = PBXFileReference; lastKnownFileType = sourcecode.swift; path = SmartGlassesApp.swift; sourceTree = "<group>"; };
		5E0A419825F2F9A100B3A5E4 /* ContentView.swift */ = {isa = PBXFileReference; lastKnownFileType = sourcecode.swift; path = ContentView.swift; sourceTree = "<group>"; };
		5E0A419A25F2F9A300B3A5E4 /* Assets.xcassets */ = {isa = PBXFileReference; lastKnownFileType = folder.assetcatalog; path = Assets.xcassets; sourceTree = "<group>"; };
		5E0A419D25F2F9A300B3A5E4 /* Preview Assets.xcassets */ = {isa = PBXFileReference; lastKnownFileType = folder.assetcatalog; path = "Preview Assets.xcassets"; sourceTree = "<group>"; };
		5E0A419F25F2F9A300B3A5E4 /* Info.plist */ = {isa = PBXFileReference; lastKnownFileType = text.plist.xml; path = Info.plist; sourceTree = "<group>"; };
		5E0A41A425F2F9A300B3A5E4 /* SmartGlassesTests.xctest */ = {isa = PBXFileReference; explicitFileType = wrapper.cfbundle; includeInIndex = 0; path = SmartGlassesTests.xctest; sourceTree = BUILT_PRODUCTS_DIR; };
		5E0A41A825F2F9A300B3A5E4 /* SmartGlassesTests.swift */ = {isa = PBXFileReference; lastKnownFileType = sourcecode.swift; path = SmartGlassesTests.swift; sourceTree = "<group>"; };
		5E0A41AA25F2F9A300B3A5E4 /* Info.plist */ = {isa = PBXFileReference; lastKnownFileType = text.plist.xml; path = Info.plist; sourceTree = "<group>"; };
		5E0A41AF25F2F9A300B3A5E4 /* SmartGlassesUITests.xctest */ = {isa = PBXFileReference; explicitFileType = wrapper.cfbundle; includeInIndex = 0; path = SmartGlassesUITests.xctest; sourceTree = BUILT_PRODUCTS_DIR; };
		5E0A41B325F2F9A300B3A5E4 /* SmartGlassesUITests.swift */ = {isa = PBXFileReference; lastKnownFileType = sourcecode.swift; path = SmartGlassesUITests.swift; sourceTree = "<group>"; };
		5E0A41B525F2F9A300B3A5E4 /* Info.plist */ = {isa = PBXFileReference; lastKnownFileType = text.plist.xml; path = Info.plist; sourceTree = "<group>"; };
		5E0A41C425F2FAFD00B3A5E4 /* Transcriber.swift */ = {isa = PBXFileReference; lastKnownFileType = sourcecode.swift; path = Transcriber.swift; sourceTree = "<group>"; };
		5E49198E25FEC9DD00DFABEE /* BLEManager.swift */ = {isa = PBXFileReference; lastKnownFileType = sourcecode.swift; path = BLEManager.swift; sourceTree = "<group>"; };
		5E611C072623C81B006ADB9F /* boat.jpeg */ = {isa = PBXFileReference; lastKnownFileType = image.jpeg; path = boat.jpeg; sourceTree = "<group>"; };
		5E611C0C2623C820006ADB9F /* image.jpeg */ = {isa = PBXFileReference; lastKnownFileType = image.jpeg; path = image.jpeg; sourceTree = "<group>"; };
		5E611C112623C829006ADB9F /* Recognizer.swift */ = {isa = PBXFileReference; fileEncoding = 4; lastKnownFileType = sourcecode.swift; path = Recognizer.swift; sourceTree = "<group>"; };
		5E611C162623C832006ADB9F /* monkey.jpeg */ = {isa = PBXFileReference; lastKnownFileType = image.jpeg; path = monkey.jpeg; sourceTree = "<group>"; };
		5E7E70BD25F30A470005C718 /* test.m4a */ = {isa = PBXFileReference; lastKnownFileType = file; path = test.m4a; sourceTree = "<group>"; };
		63C79E35A1163DEA6E931410 /* Pods-SmartGlasses-SmartGlassesUITests.release.xcconfig */ = {isa = PBXFileReference; includeInIndex = 1; lastKnownFileType = text.xcconfig; name = "Pods-SmartGlasses-SmartGlassesUITests.release.xcconfig"; path = "Target Support Files/Pods-SmartGlasses-SmartGlassesUITests/Pods-SmartGlasses-SmartGlassesUITests.release.xcconfig"; sourceTree = "<group>"; };
		6FC7002540E0D5B6BBC9FB4E /* Pods-SmartGlasses.debug.xcconfig */ = {isa = PBXFileReference; includeInIndex = 1; lastKnownFileType = text.xcconfig; name = "Pods-SmartGlasses.debug.xcconfig"; path = "Target Support Files/Pods-SmartGlasses/Pods-SmartGlasses.debug.xcconfig"; sourceTree = "<group>"; };
		85D3D9CB66089B286B62CD14 /* Pods_SmartGlassesTests.framework */ = {isa = PBXFileReference; explicitFileType = wrapper.framework; includeInIndex = 0; path = Pods_SmartGlassesTests.framework; sourceTree = BUILT_PRODUCTS_DIR; };
		8E4EAC1686D88536872194F9 /* Pods_SmartGlasses.framework */ = {isa = PBXFileReference; explicitFileType = wrapper.framework; includeInIndex = 0; path = Pods_SmartGlasses.framework; sourceTree = BUILT_PRODUCTS_DIR; };
		94CBC34E5D4FA49DAF7CF06E /* Pods-SmartGlassesTests.release.xcconfig */ = {isa = PBXFileReference; includeInIndex = 1; lastKnownFileType = text.xcconfig; name = "Pods-SmartGlassesTests.release.xcconfig"; path = "Target Support Files/Pods-SmartGlassesTests/Pods-SmartGlassesTests.release.xcconfig"; sourceTree = "<group>"; };
		9E9FF32412E12ECD89F20BFF /* Pods_SmartGlasses_SmartGlassesUITests.framework */ = {isa = PBXFileReference; explicitFileType = wrapper.framework; includeInIndex = 0; path = Pods_SmartGlasses_SmartGlassesUITests.framework; sourceTree = BUILT_PRODUCTS_DIR; };
		CF6E71D04E8E8C68644644D2 /* Pods-SmartGlasses-SmartGlassesUITests.debug.xcconfig */ = {isa = PBXFileReference; includeInIndex = 1; lastKnownFileType = text.xcconfig; name = "Pods-SmartGlasses-SmartGlassesUITests.debug.xcconfig"; path = "Target Support Files/Pods-SmartGlasses-SmartGlassesUITests/Pods-SmartGlasses-SmartGlassesUITests.debug.xcconfig"; sourceTree = "<group>"; };
/* End PBXFileReference section */

/* Begin PBXFrameworksBuildPhase section */
		5E0A419025F2F9A100B3A5E4 /* Frameworks */ = {
			isa = PBXFrameworksBuildPhase;
			buildActionMask = 2147483647;
			files = (
				85A6E6B4F28FD01E8E4063CD /* Pods_SmartGlasses.framework in Frameworks */,
			);
			runOnlyForDeploymentPostprocessing = 0;
		};
		5E0A41A125F2F9A300B3A5E4 /* Frameworks */ = {
			isa = PBXFrameworksBuildPhase;
			buildActionMask = 2147483647;
			files = (
				0EA2623AE4A92EE3394706A8 /* Pods_SmartGlassesTests.framework in Frameworks */,
			);
			runOnlyForDeploymentPostprocessing = 0;
		};
		5E0A41AC25F2F9A300B3A5E4 /* Frameworks */ = {
			isa = PBXFrameworksBuildPhase;
			buildActionMask = 2147483647;
			files = (
				AB5F5779948DC54880A2B383 /* Pods_SmartGlasses_SmartGlassesUITests.framework in Frameworks */,
			);
			runOnlyForDeploymentPostprocessing = 0;
		};
/* End PBXFrameworksBuildPhase section */

/* Begin PBXGroup section */
		5E0A418A25F2F9A100B3A5E4 = {
			isa = PBXGroup;
			children = (
				5E0A419525F2F9A100B3A5E4 /* SmartGlasses */,
				5E0A41A725F2F9A300B3A5E4 /* SmartGlassesTests */,
				5E0A41B225F2F9A300B3A5E4 /* SmartGlassesUITests */,
				5E0A419425F2F9A100B3A5E4 /* Products */,
				F9E62F77A38EC708020228BB /* Pods */,
				A9E53912B9A4F9D25969520C /* Frameworks */,
			);
			sourceTree = "<group>";
		};
		5E0A419425F2F9A100B3A5E4 /* Products */ = {
			isa = PBXGroup;
			children = (
				5E0A419325F2F9A100B3A5E4 /* SmartGlasses.app */,
				5E0A41A425F2F9A300B3A5E4 /* SmartGlassesTests.xctest */,
				5E0A41AF25F2F9A300B3A5E4 /* SmartGlassesUITests.xctest */,
			);
			name = Products;
			sourceTree = "<group>";
		};
		5E0A419525F2F9A100B3A5E4 /* SmartGlasses */ = {
			isa = PBXGroup;
			children = (
				5E7E70BD25F30A470005C718 /* test.m4a */,
				5E0A419625F2F9A100B3A5E4 /* SmartGlassesApp.swift */,
				5E0A419825F2F9A100B3A5E4 /* ContentView.swift */,
				5E0A419A25F2F9A300B3A5E4 /* Assets.xcassets */,
				5E611C072623C81B006ADB9F /* boat.jpeg */,
				5E611C0C2623C820006ADB9F /* image.jpeg */,
				5E611C162623C832006ADB9F /* monkey.jpeg */,
				5E0A419F25F2F9A300B3A5E4 /* Info.plist */,
				5E0A419C25F2F9A300B3A5E4 /* Preview Content */,
				5E0A41C425F2FAFD00B3A5E4 /* Transcriber.swift */,
				5E611C112623C829006ADB9F /* Recognizer.swift */,
				5E49198E25FEC9DD00DFABEE /* BLEManager.swift */,
			);
			path = SmartGlasses;
			sourceTree = "<group>";
		};
		5E0A419C25F2F9A300B3A5E4 /* Preview Content */ = {
			isa = PBXGroup;
			children = (
				5E0A419D25F2F9A300B3A5E4 /* Preview Assets.xcassets */,
			);
			path = "Preview Content";
			sourceTree = "<group>";
		};
		5E0A41A725F2F9A300B3A5E4 /* SmartGlassesTests */ = {
			isa = PBXGroup;
			children = (
				5E0A41A825F2F9A300B3A5E4 /* SmartGlassesTests.swift */,
				5E0A41AA25F2F9A300B3A5E4 /* Info.plist */,
			);
			path = SmartGlassesTests;
			sourceTree = "<group>";
		};
		5E0A41B225F2F9A300B3A5E4 /* SmartGlassesUITests */ = {
			isa = PBXGroup;
			children = (
				5E0A41B325F2F9A300B3A5E4 /* SmartGlassesUITests.swift */,
				5E0A41B525F2F9A300B3A5E4 /* Info.plist */,
			);
			path = SmartGlassesUITests;
			sourceTree = "<group>";
		};
		A9E53912B9A4F9D25969520C /* Frameworks */ = {
			isa = PBXGroup;
			children = (
				8E4EAC1686D88536872194F9 /* Pods_SmartGlasses.framework */,
				9E9FF32412E12ECD89F20BFF /* Pods_SmartGlasses_SmartGlassesUITests.framework */,
				85D3D9CB66089B286B62CD14 /* Pods_SmartGlassesTests.framework */,
			);
			name = Frameworks;
			sourceTree = "<group>";
		};
		F9E62F77A38EC708020228BB /* Pods */ = {
			isa = PBXGroup;
			children = (
				6FC7002540E0D5B6BBC9FB4E /* Pods-SmartGlasses.debug.xcconfig */,
				06AFA73D48BB466F1CC20001 /* Pods-SmartGlasses.release.xcconfig */,
				CF6E71D04E8E8C68644644D2 /* Pods-SmartGlasses-SmartGlassesUITests.debug.xcconfig */,
				63C79E35A1163DEA6E931410 /* Pods-SmartGlasses-SmartGlassesUITests.release.xcconfig */,
				4258312343242B83E087D61A /* Pods-SmartGlassesTests.debug.xcconfig */,
				94CBC34E5D4FA49DAF7CF06E /* Pods-SmartGlassesTests.release.xcconfig */,
			);
			path = Pods;
			sourceTree = "<group>";
		};
/* End PBXGroup section */

/* Begin PBXNativeTarget section */
		5E0A419225F2F9A100B3A5E4 /* SmartGlasses */ = {
			isa = PBXNativeTarget;
			buildConfigurationList = 5E0A41B825F2F9A300B3A5E4 /* Build configuration list for PBXNativeTarget "SmartGlasses" */;
			buildPhases = (
				8ED0BD5451031A28FE17426C /* [CP] Check Pods Manifest.lock */,
				5E0A418F25F2F9A100B3A5E4 /* Sources */,
				5E0A419025F2F9A100B3A5E4 /* Frameworks */,
				5E0A419125F2F9A100B3A5E4 /* Resources */,
				B2DB3B9D1E95483D6BEC18EA /* [CP] Embed Pods Frameworks */,
				3622E48612C1E3B9AB662855 /* [CP] Copy Pods Resources */,
			);
			buildRules = (
			);
			dependencies = (
			);
			name = SmartGlasses;
			productName = SmartGlasses;
			productReference = 5E0A419325F2F9A100B3A5E4 /* SmartGlasses.app */;
			productType = "com.apple.product-type.application";
		};
		5E0A41A325F2F9A300B3A5E4 /* SmartGlassesTests */ = {
			isa = PBXNativeTarget;
			buildConfigurationList = 5E0A41BB25F2F9A300B3A5E4 /* Build configuration list for PBXNativeTarget "SmartGlassesTests" */;
			buildPhases = (
				FE4BF489151C5DF6FBC195DF /* [CP] Check Pods Manifest.lock */,
				5E0A41A025F2F9A300B3A5E4 /* Sources */,
				5E0A41A125F2F9A300B3A5E4 /* Frameworks */,
				5E0A41A225F2F9A300B3A5E4 /* Resources */,
			);
			buildRules = (
			);
			dependencies = (
				5E0A41A625F2F9A300B3A5E4 /* PBXTargetDependency */,
			);
			name = SmartGlassesTests;
			productName = SmartGlassesTests;
			productReference = 5E0A41A425F2F9A300B3A5E4 /* SmartGlassesTests.xctest */;
			productType = "com.apple.product-type.bundle.unit-test";
		};
		5E0A41AE25F2F9A300B3A5E4 /* SmartGlassesUITests */ = {
			isa = PBXNativeTarget;
			buildConfigurationList = 5E0A41BE25F2F9A300B3A5E4 /* Build configuration list for PBXNativeTarget "SmartGlassesUITests" */;
			buildPhases = (
				E2D7CCF4FAF7F8E2BCA69B9B /* [CP] Check Pods Manifest.lock */,
				5E0A41AB25F2F9A300B3A5E4 /* Sources */,
				5E0A41AC25F2F9A300B3A5E4 /* Frameworks */,
				5E0A41AD25F2F9A300B3A5E4 /* Resources */,
				5733C23976F60C5252469EE9 /* [CP] Embed Pods Frameworks */,
				49E95C838AE6DA2A4C2A8184 /* [CP] Copy Pods Resources */,
			);
			buildRules = (
			);
			dependencies = (
				5E0A41B125F2F9A300B3A5E4 /* PBXTargetDependency */,
			);
			name = SmartGlassesUITests;
			productName = SmartGlassesUITests;
			productReference = 5E0A41AF25F2F9A300B3A5E4 /* SmartGlassesUITests.xctest */;
			productType = "com.apple.product-type.bundle.ui-testing";
		};
/* End PBXNativeTarget section */

/* Begin PBXProject section */
		5E0A418B25F2F9A100B3A5E4 /* Project object */ = {
			isa = PBXProject;
			attributes = {
				LastSwiftUpdateCheck = 1240;
				LastUpgradeCheck = 1240;
				TargetAttributes = {
					5E0A419225F2F9A100B3A5E4 = {
						CreatedOnToolsVersion = 12.4;
					};
					5E0A41A325F2F9A300B3A5E4 = {
						CreatedOnToolsVersion = 12.4;
						TestTargetID = 5E0A419225F2F9A100B3A5E4;
					};
					5E0A41AE25F2F9A300B3A5E4 = {
						CreatedOnToolsVersion = 12.4;
						TestTargetID = 5E0A419225F2F9A100B3A5E4;
					};
				};
			};
			buildConfigurationList = 5E0A418E25F2F9A100B3A5E4 /* Build configuration list for PBXProject "SmartGlasses" */;
			compatibilityVersion = "Xcode 9.3";
			developmentRegion = en;
			hasScannedForEncodings = 0;
			knownRegions = (
				en,
				Base,
			);
			mainGroup = 5E0A418A25F2F9A100B3A5E4;
			productRefGroup = 5E0A419425F2F9A100B3A5E4 /* Products */;
			projectDirPath = "";
			projectRoot = "";
			targets = (
				5E0A419225F2F9A100B3A5E4 /* SmartGlasses */,
				5E0A41A325F2F9A300B3A5E4 /* SmartGlassesTests */,
				5E0A41AE25F2F9A300B3A5E4 /* SmartGlassesUITests */,
			);
		};
/* End PBXProject section */

/* Begin PBXResourcesBuildPhase section */
		5E0A419125F2F9A100B3A5E4 /* Resources */ = {
			isa = PBXResourcesBuildPhase;
			buildActionMask = 2147483647;
			files = (
				5E611C172623C832006ADB9F /* monkey.jpeg in Resources */,
				5E0A419E25F2F9A300B3A5E4 /* Preview Assets.xcassets in Resources */,
				5E611C0D2623C820006ADB9F /* image.jpeg in Resources */,
				5E7E70BE25F30A470005C718 /* test.m4a in Resources */,
				5E0A419B25F2F9A300B3A5E4 /* Assets.xcassets in Resources */,
				5E611C082623C81B006ADB9F /* boat.jpeg in Resources */,
			);
			runOnlyForDeploymentPostprocessing = 0;
		};
		5E0A41A225F2F9A300B3A5E4 /* Resources */ = {
			isa = PBXResourcesBuildPhase;
			buildActionMask = 2147483647;
			files = (
			);
			runOnlyForDeploymentPostprocessing = 0;
		};
		5E0A41AD25F2F9A300B3A5E4 /* Resources */ = {
			isa = PBXResourcesBuildPhase;
			buildActionMask = 2147483647;
			files = (
			);
			runOnlyForDeploymentPostprocessing = 0;
		};
/* End PBXResourcesBuildPhase section */

/* Begin PBXShellScriptBuildPhase section */
		3622E48612C1E3B9AB662855 /* [CP] Copy Pods Resources */ = {
			isa = PBXShellScriptBuildPhase;
			buildActionMask = 2147483647;
			files = (
			);
			inputFileListPaths = (
				"${PODS_ROOT}/Target Support Files/Pods-SmartGlasses/Pods-SmartGlasses-resources-${CONFIGURATION}-input-files.xcfilelist",
			);
			name = "[CP] Copy Pods Resources";
			outputFileListPaths = (
				"${PODS_ROOT}/Target Support Files/Pods-SmartGlasses/Pods-SmartGlasses-resources-${CONFIGURATION}-output-files.xcfilelist",
			);
			runOnlyForDeploymentPostprocessing = 0;
			shellPath = /bin/sh;
			shellScript = "\"${PODS_ROOT}/Target Support Files/Pods-SmartGlasses/Pods-SmartGlasses-resources.sh\"\n";
			showEnvVarsInLog = 0;
		};
		49E95C838AE6DA2A4C2A8184 /* [CP] Copy Pods Resources */ = {
			isa = PBXShellScriptBuildPhase;
			buildActionMask = 2147483647;
			files = (
			);
			inputFileListPaths = (
				"${PODS_ROOT}/Target Support Files/Pods-SmartGlasses-SmartGlassesUITests/Pods-SmartGlasses-SmartGlassesUITests-resources-${CONFIGURATION}-input-files.xcfilelist",
			);
			name = "[CP] Copy Pods Resources";
			outputFileListPaths = (
				"${PODS_ROOT}/Target Support Files/Pods-SmartGlasses-SmartGlassesUITests/Pods-SmartGlasses-SmartGlassesUITests-resources-${CONFIGURATION}-output-files.xcfilelist",
			);
			runOnlyForDeploymentPostprocessing = 0;
			shellPath = /bin/sh;
			shellScript = "\"${PODS_ROOT}/Target Support Files/Pods-SmartGlasses-SmartGlassesUITests/Pods-SmartGlasses-SmartGlassesUITests-resources.sh\"\n";
			showEnvVarsInLog = 0;
		};
		5733C23976F60C5252469EE9 /* [CP] Embed Pods Frameworks */ = {
			isa = PBXShellScriptBuildPhase;
			buildActionMask = 2147483647;
			files = (
			);
			inputFileListPaths = (
				"${PODS_ROOT}/Target Support Files/Pods-SmartGlasses-SmartGlassesUITests/Pods-SmartGlasses-SmartGlassesUITests-frameworks-${CONFIGURATION}-input-files.xcfilelist",
			);
			name = "[CP] Embed Pods Frameworks";
			outputFileListPaths = (
				"${PODS_ROOT}/Target Support Files/Pods-SmartGlasses-SmartGlassesUITests/Pods-SmartGlasses-SmartGlassesUITests-frameworks-${CONFIGURATION}-output-files.xcfilelist",
			);
			runOnlyForDeploymentPostprocessing = 0;
			shellPath = /bin/sh;
			shellScript = "\"${PODS_ROOT}/Target Support Files/Pods-SmartGlasses-SmartGlassesUITests/Pods-SmartGlasses-SmartGlassesUITests-frameworks.sh\"\n";
			showEnvVarsInLog = 0;
		};
		8ED0BD5451031A28FE17426C /* [CP] Check Pods Manifest.lock */ = {
			isa = PBXShellScriptBuildPhase;
			buildActionMask = 2147483647;
			files = (
			);
			inputFileListPaths = (
			);
			inputPaths = (
				"${PODS_PODFILE_DIR_PATH}/Podfile.lock",
				"${PODS_ROOT}/Manifest.lock",
			);
			name = "[CP] Check Pods Manifest.lock";
			outputFileListPaths = (
			);
			outputPaths = (
				"$(DERIVED_FILE_DIR)/Pods-SmartGlasses-checkManifestLockResult.txt",
			);
			runOnlyForDeploymentPostprocessing = 0;
			shellPath = /bin/sh;
			shellScript = "diff \"${PODS_PODFILE_DIR_PATH}/Podfile.lock\" \"${PODS_ROOT}/Manifest.lock\" > /dev/null\nif [ $? != 0 ] ; then\n    # print error to STDERR\n    echo \"error: The sandbox is not in sync with the Podfile.lock. Run 'pod install' or update your CocoaPods installation.\" >&2\n    exit 1\nfi\n# This output is used by Xcode 'outputs' to avoid re-running this script phase.\necho \"SUCCESS\" > \"${SCRIPT_OUTPUT_FILE_0}\"\n";
			showEnvVarsInLog = 0;
		};
		B2DB3B9D1E95483D6BEC18EA /* [CP] Embed Pods Frameworks */ = {
			isa = PBXShellScriptBuildPhase;
			buildActionMask = 2147483647;
			files = (
			);
			inputFileListPaths = (
				"${PODS_ROOT}/Target Support Files/Pods-SmartGlasses/Pods-SmartGlasses-frameworks-${CONFIGURATION}-input-files.xcfilelist",
			);
			name = "[CP] Embed Pods Frameworks";
			outputFileListPaths = (
				"${PODS_ROOT}/Target Support Files/Pods-SmartGlasses/Pods-SmartGlasses-frameworks-${CONFIGURATION}-output-files.xcfilelist",
			);
			runOnlyForDeploymentPostprocessing = 0;
			shellPath = /bin/sh;
			shellScript = "\"${PODS_ROOT}/Target Support Files/Pods-SmartGlasses/Pods-SmartGlasses-frameworks.sh\"\n";
			showEnvVarsInLog = 0;
		};
		E2D7CCF4FAF7F8E2BCA69B9B /* [CP] Check Pods Manifest.lock */ = {
			isa = PBXShellScriptBuildPhase;
			buildActionMask = 2147483647;
			files = (
			);
			inputFileListPaths = (
			);
			inputPaths = (
				"${PODS_PODFILE_DIR_PATH}/Podfile.lock",
				"${PODS_ROOT}/Manifest.lock",
			);
			name = "[CP] Check Pods Manifest.lock";
			outputFileListPaths = (
			);
			outputPaths = (
				"$(DERIVED_FILE_DIR)/Pods-SmartGlasses-SmartGlassesUITests-checkManifestLockResult.txt",
			);
			runOnlyForDeploymentPostprocessing = 0;
			shellPath = /bin/sh;
			shellScript = "diff \"${PODS_PODFILE_DIR_PATH}/Podfile.lock\" \"${PODS_ROOT}/Manifest.lock\" > /dev/null\nif [ $? != 0 ] ; then\n    # print error to STDERR\n    echo \"error: The sandbox is not in sync with the Podfile.lock. Run 'pod install' or update your CocoaPods installation.\" >&2\n    exit 1\nfi\n# This output is used by Xcode 'outputs' to avoid re-running this script phase.\necho \"SUCCESS\" > \"${SCRIPT_OUTPUT_FILE_0}\"\n";
			showEnvVarsInLog = 0;
		};
		FE4BF489151C5DF6FBC195DF /* [CP] Check Pods Manifest.lock */ = {
			isa = PBXShellScriptBuildPhase;
			buildActionMask = 2147483647;
			files = (
			);
			inputFileListPaths = (
			);
			inputPaths = (
				"${PODS_PODFILE_DIR_PATH}/Podfile.lock",
				"${PODS_ROOT}/Manifest.lock",
			);
			name = "[CP] Check Pods Manifest.lock";
			outputFileListPaths = (
			);
			outputPaths = (
				"$(DERIVED_FILE_DIR)/Pods-SmartGlassesTests-checkManifestLockResult.txt",
			);
			runOnlyForDeploymentPostprocessing = 0;
			shellPath = /bin/sh;
			shellScript = "diff \"${PODS_PODFILE_DIR_PATH}/Podfile.lock\" \"${PODS_ROOT}/Manifest.lock\" > /dev/null\nif [ $? != 0 ] ; then\n    # print error to STDERR\n    echo \"error: The sandbox is not in sync with the Podfile.lock. Run 'pod install' or update your CocoaPods installation.\" >&2\n    exit 1\nfi\n# This output is used by Xcode 'outputs' to avoid re-running this script phase.\necho \"SUCCESS\" > \"${SCRIPT_OUTPUT_FILE_0}\"\n";
			showEnvVarsInLog = 0;
		};
/* End PBXShellScriptBuildPhase section */

/* Begin PBXSourcesBuildPhase section */
		5E0A418F25F2F9A100B3A5E4 /* Sources */ = {
			isa = PBXSourcesBuildPhase;
			buildActionMask = 2147483647;
			files = (
				5E611C122623C829006ADB9F /* Recognizer.swift in Sources */,
				5E0A419925F2F9A100B3A5E4 /* ContentView.swift in Sources */,
				5E49198F25FEC9DD00DFABEE /* BLEManager.swift in Sources */,
				5E0A41C525F2FAFD00B3A5E4 /* Transcriber.swift in Sources */,
				5E0A419725F2F9A100B3A5E4 /* SmartGlassesApp.swift in Sources */,
			);
			runOnlyForDeploymentPostprocessing = 0;
		};
		5E0A41A025F2F9A300B3A5E4 /* Sources */ = {
			isa = PBXSourcesBuildPhase;
			buildActionMask = 2147483647;
			files = (
				5E0A41A925F2F9A300B3A5E4 /* SmartGlassesTests.swift in Sources */,
			);
			runOnlyForDeploymentPostprocessing = 0;
		};
		5E0A41AB25F2F9A300B3A5E4 /* Sources */ = {
			isa = PBXSourcesBuildPhase;
			buildActionMask = 2147483647;
			files = (
				5E0A41B425F2F9A300B3A5E4 /* SmartGlassesUITests.swift in Sources */,
			);
			runOnlyForDeploymentPostprocessing = 0;
		};
/* End PBXSourcesBuildPhase section */

/* Begin PBXTargetDependency section */
		5E0A41A625F2F9A300B3A5E4 /* PBXTargetDependency */ = {
			isa = PBXTargetDependency;
			target = 5E0A419225F2F9A100B3A5E4 /* SmartGlasses */;
			targetProxy = 5E0A41A525F2F9A300B3A5E4 /* PBXContainerItemProxy */;
		};
		5E0A41B125F2F9A300B3A5E4 /* PBXTargetDependency */ = {
			isa = PBXTargetDependency;
			target = 5E0A419225F2F9A100B3A5E4 /* SmartGlasses */;
			targetProxy = 5E0A41B025F2F9A300B3A5E4 /* PBXContainerItemProxy */;
		};
/* End PBXTargetDependency section */

/* Begin XCBuildConfiguration section */
		5E0A41B625F2F9A300B3A5E4 /* Debug */ = {
			isa = XCBuildConfiguration;
			buildSettings = {
				ALWAYS_SEARCH_USER_PATHS = NO;
				CLANG_ANALYZER_NONNULL = YES;
				CLANG_ANALYZER_NUMBER_OBJECT_CONVERSION = YES_AGGRESSIVE;
				CLANG_CXX_LANGUAGE_STANDARD = "gnu++14";
				CLANG_CXX_LIBRARY = "libc++";
				CLANG_ENABLE_MODULES = YES;
				CLANG_ENABLE_OBJC_ARC = YES;
				CLANG_ENABLE_OBJC_WEAK = YES;
				CLANG_WARN_BLOCK_CAPTURE_AUTORELEASING = YES;
				CLANG_WARN_BOOL_CONVERSION = YES;
				CLANG_WARN_COMMA = YES;
				CLANG_WARN_CONSTANT_CONVERSION = YES;
				CLANG_WARN_DEPRECATED_OBJC_IMPLEMENTATIONS = YES;
				CLANG_WARN_DIRECT_OBJC_ISA_USAGE = YES_ERROR;
				CLANG_WARN_DOCUMENTATION_COMMENTS = YES;
				CLANG_WARN_EMPTY_BODY = YES;
				CLANG_WARN_ENUM_CONVERSION = YES;
				CLANG_WARN_INFINITE_RECURSION = YES;
				CLANG_WARN_INT_CONVERSION = YES;
				CLANG_WARN_NON_LITERAL_NULL_CONVERSION = YES;
				CLANG_WARN_OBJC_IMPLICIT_RETAIN_SELF = YES;
				CLANG_WARN_OBJC_LITERAL_CONVERSION = YES;
				CLANG_WARN_OBJC_ROOT_CLASS = YES_ERROR;
				CLANG_WARN_QUOTED_INCLUDE_IN_FRAMEWORK_HEADER = YES;
				CLANG_WARN_RANGE_LOOP_ANALYSIS = YES;
				CLANG_WARN_STRICT_PROTOTYPES = YES;
				CLANG_WARN_SUSPICIOUS_MOVE = YES;
				CLANG_WARN_UNGUARDED_AVAILABILITY = YES_AGGRESSIVE;
				CLANG_WARN_UNREACHABLE_CODE = YES;
				CLANG_WARN__DUPLICATE_METHOD_MATCH = YES;
				COPY_PHASE_STRIP = NO;
				DEBUG_INFORMATION_FORMAT = dwarf;
				ENABLE_STRICT_OBJC_MSGSEND = YES;
				ENABLE_TESTABILITY = YES;
				GCC_C_LANGUAGE_STANDARD = gnu11;
				GCC_DYNAMIC_NO_PIC = NO;
				GCC_NO_COMMON_BLOCKS = YES;
				GCC_OPTIMIZATION_LEVEL = 0;
				GCC_PREPROCESSOR_DEFINITIONS = (
					"DEBUG=1",
					"$(inherited)",
				);
				GCC_WARN_64_TO_32_BIT_CONVERSION = YES;
				GCC_WARN_ABOUT_RETURN_TYPE = YES_ERROR;
				GCC_WARN_UNDECLARED_SELECTOR = YES;
				GCC_WARN_UNINITIALIZED_AUTOS = YES_AGGRESSIVE;
				GCC_WARN_UNUSED_FUNCTION = YES;
				GCC_WARN_UNUSED_VARIABLE = YES;
				IPHONEOS_DEPLOYMENT_TARGET = 14.4;
				MTL_ENABLE_DEBUG_INFO = INCLUDE_SOURCE;
				MTL_FAST_MATH = YES;
				ONLY_ACTIVE_ARCH = YES;
				SDKROOT = iphoneos;
				SWIFT_ACTIVE_COMPILATION_CONDITIONS = DEBUG;
				SWIFT_OPTIMIZATION_LEVEL = "-Onone";
			};
			name = Debug;
		};
		5E0A41B725F2F9A300B3A5E4 /* Release */ = {
			isa = XCBuildConfiguration;
			buildSettings = {
				ALWAYS_SEARCH_USER_PATHS = NO;
				CLANG_ANALYZER_NONNULL = YES;
				CLANG_ANALYZER_NUMBER_OBJECT_CONVERSION = YES_AGGRESSIVE;
				CLANG_CXX_LANGUAGE_STANDARD = "gnu++14";
				CLANG_CXX_LIBRARY = "libc++";
				CLANG_ENABLE_MODULES = YES;
				CLANG_ENABLE_OBJC_ARC = YES;
				CLANG_ENABLE_OBJC_WEAK = YES;
				CLANG_WARN_BLOCK_CAPTURE_AUTORELEASING = YES;
				CLANG_WARN_BOOL_CONVERSION = YES;
				CLANG_WARN_COMMA = YES;
				CLANG_WARN_CONSTANT_CONVERSION = YES;
				CLANG_WARN_DEPRECATED_OBJC_IMPLEMENTATIONS = YES;
				CLANG_WARN_DIRECT_OBJC_ISA_USAGE = YES_ERROR;
				CLANG_WARN_DOCUMENTATION_COMMENTS = YES;
				CLANG_WARN_EMPTY_BODY = YES;
				CLANG_WARN_ENUM_CONVERSION = YES;
				CLANG_WARN_INFINITE_RECURSION = YES;
				CLANG_WARN_INT_CONVERSION = YES;
				CLANG_WARN_NON_LITERAL_NULL_CONVERSION = YES;
				CLANG_WARN_OBJC_IMPLICIT_RETAIN_SELF = YES;
				CLANG_WARN_OBJC_LITERAL_CONVERSION = YES;
				CLANG_WARN_OBJC_ROOT_CLASS = YES_ERROR;
				CLANG_WARN_QUOTED_INCLUDE_IN_FRAMEWORK_HEADER = YES;
				CLANG_WARN_RANGE_LOOP_ANALYSIS = YES;
				CLANG_WARN_STRICT_PROTOTYPES = YES;
				CLANG_WARN_SUSPICIOUS_MOVE = YES;
				CLANG_WARN_UNGUARDED_AVAILABILITY = YES_AGGRESSIVE;
				CLANG_WARN_UNREACHABLE_CODE = YES;
				CLANG_WARN__DUPLICATE_METHOD_MATCH = YES;
				COPY_PHASE_STRIP = NO;
				DEBUG_INFORMATION_FORMAT = "dwarf-with-dsym";
				ENABLE_NS_ASSERTIONS = NO;
				ENABLE_STRICT_OBJC_MSGSEND = YES;
				GCC_C_LANGUAGE_STANDARD = gnu11;
				GCC_NO_COMMON_BLOCKS = YES;
				GCC_WARN_64_TO_32_BIT_CONVERSION = YES;
				GCC_WARN_ABOUT_RETURN_TYPE = YES_ERROR;
				GCC_WARN_UNDECLARED_SELECTOR = YES;
				GCC_WARN_UNINITIALIZED_AUTOS = YES_AGGRESSIVE;
				GCC_WARN_UNUSED_FUNCTION = YES;
				GCC_WARN_UNUSED_VARIABLE = YES;
				IPHONEOS_DEPLOYMENT_TARGET = 14.4;
				MTL_ENABLE_DEBUG_INFO = NO;
				MTL_FAST_MATH = YES;
				SDKROOT = iphoneos;
				SWIFT_COMPILATION_MODE = wholemodule;
				SWIFT_OPTIMIZATION_LEVEL = "-O";
				VALIDATE_PRODUCT = YES;
			};
			name = Release;
		};
		5E0A41B925F2F9A300B3A5E4 /* Debug */ = {
			isa = XCBuildConfiguration;
			baseConfigurationReference = 6FC7002540E0D5B6BBC9FB4E /* Pods-SmartGlasses.debug.xcconfig */;
			buildSettings = {
				ASSETCATALOG_COMPILER_APPICON_NAME = AppIcon;
				ASSETCATALOG_COMPILER_GLOBAL_ACCENT_COLOR_NAME = AccentColor;
				CODE_SIGN_STYLE = Automatic;
				DEVELOPMENT_ASSET_PATHS = "\"SmartGlasses/Preview Content\"";
				DEVELOPMENT_TEAM = LJ32KZVZ54;
				ENABLE_PREVIEWS = YES;
				INFOPLIST_FILE = SmartGlasses/Info.plist;
				IPHONEOS_DEPLOYMENT_TARGET = 14.0;
				LD_RUNPATH_SEARCH_PATHS = (
					"$(inherited)",
					"@executable_path/Frameworks",
				);
				PRODUCT_BUNDLE_IDENTIFIER = com.devinmui.SmartGlasses;
				PRODUCT_NAME = "$(TARGET_NAME)";
				SWIFT_VERSION = 5.0;
				TARGETED_DEVICE_FAMILY = "1,2";
			};
			name = Debug;
		};
		5E0A41BA25F2F9A300B3A5E4 /* Release */ = {
			isa = XCBuildConfiguration;
			baseConfigurationReference = 06AFA73D48BB466F1CC20001 /* Pods-SmartGlasses.release.xcconfig */;
			buildSettings = {
				ASSETCATALOG_COMPILER_APPICON_NAME = AppIcon;
				ASSETCATALOG_COMPILER_GLOBAL_ACCENT_COLOR_NAME = AccentColor;
				CODE_SIGN_STYLE = Automatic;
				DEVELOPMENT_ASSET_PATHS = "\"SmartGlasses/Preview Content\"";
				DEVELOPMENT_TEAM = LJ32KZVZ54;
				ENABLE_PREVIEWS = YES;
				INFOPLIST_FILE = SmartGlasses/Info.plist;
				IPHONEOS_DEPLOYMENT_TARGET = 14.0;
				LD_RUNPATH_SEARCH_PATHS = (
					"$(inherited)",
					"@executable_path/Frameworks",
				);
				PRODUCT_BUNDLE_IDENTIFIER = com.devinmui.SmartGlasses;
				PRODUCT_NAME = "$(TARGET_NAME)";
				SWIFT_VERSION = 5.0;
				TARGETED_DEVICE_FAMILY = "1,2";
			};
			name = Release;
		};
		5E0A41BC25F2F9A300B3A5E4 /* Debug */ = {
			isa = XCBuildConfiguration;
			baseConfigurationReference = 4258312343242B83E087D61A /* Pods-SmartGlassesTests.debug.xcconfig */;
			buildSettings = {
				ALWAYS_EMBED_SWIFT_STANDARD_LIBRARIES = YES;
				BUNDLE_LOADER = "$(TEST_HOST)";
				CODE_SIGN_STYLE = Automatic;
				DEVELOPMENT_TEAM = LJ32KZVZ54;
				INFOPLIST_FILE = SmartGlassesTests/Info.plist;
				IPHONEOS_DEPLOYMENT_TARGET = 14.0;
				LD_RUNPATH_SEARCH_PATHS = (
					"$(inherited)",
					"@executable_path/Frameworks",
					"@loader_path/Frameworks",
				);
				PRODUCT_BUNDLE_IDENTIFIER = com.devinmui.SmartGlassesTests;
				PRODUCT_NAME = "$(TARGET_NAME)";
				SWIFT_VERSION = 5.0;
				TARGETED_DEVICE_FAMILY = "1,2";
				TEST_HOST = "$(BUILT_PRODUCTS_DIR)/SmartGlasses.app/SmartGlasses";
			};
			name = Debug;
		};
		5E0A41BD25F2F9A300B3A5E4 /* Release */ = {
			isa = XCBuildConfiguration;
			baseConfigurationReference = 94CBC34E5D4FA49DAF7CF06E /* Pods-SmartGlassesTests.release.xcconfig */;
			buildSettings = {
				ALWAYS_EMBED_SWIFT_STANDARD_LIBRARIES = YES;
				BUNDLE_LOADER = "$(TEST_HOST)";
				CODE_SIGN_STYLE = Automatic;
				DEVELOPMENT_TEAM = LJ32KZVZ54;
				INFOPLIST_FILE = SmartGlassesTests/Info.plist;
				IPHONEOS_DEPLOYMENT_TARGET = 14.0;
				LD_RUNPATH_SEARCH_PATHS = (
					"$(inherited)",
					"@executable_path/Frameworks",
					"@loader_path/Frameworks",
				);
				PRODUCT_BUNDLE_IDENTIFIER = com.devinmui.SmartGlassesTests;
				PRODUCT_NAME = "$(TARGET_NAME)";
				SWIFT_VERSION = 5.0;
				TARGETED_DEVICE_FAMILY = "1,2";
				TEST_HOST = "$(BUILT_PRODUCTS_DIR)/SmartGlasses.app/SmartGlasses";
			};
			name = Release;
		};
		5E0A41BF25F2F9A300B3A5E4 /* Debug */ = {
			isa = XCBuildConfiguration;
			baseConfigurationReference = CF6E71D04E8E8C68644644D2 /* Pods-SmartGlasses-SmartGlassesUITests.debug.xcconfig */;
			buildSettings = {
				ALWAYS_EMBED_SWIFT_STANDARD_LIBRARIES = YES;
				CODE_SIGN_STYLE = Automatic;
				DEVELOPMENT_TEAM = LJ32KZVZ54;
				INFOPLIST_FILE = SmartGlassesUITests/Info.plist;
				LD_RUNPATH_SEARCH_PATHS = (
					"$(inherited)",
					"@executable_path/Frameworks",
					"@loader_path/Frameworks",
				);
				PRODUCT_BUNDLE_IDENTIFIER = com.devinmui.SmartGlassesUITests;
				PRODUCT_NAME = "$(TARGET_NAME)";
				SWIFT_VERSION = 5.0;
				TARGETED_DEVICE_FAMILY = "1,2";
				TEST_TARGET_NAME = SmartGlasses;
			};
			name = Debug;
		};
		5E0A41C025F2F9A300B3A5E4 /* Release */ = {
			isa = XCBuildConfiguration;
			baseConfigurationReference = 63C79E35A1163DEA6E931410 /* Pods-SmartGlasses-SmartGlassesUITests.release.xcconfig */;
			buildSettings = {
				ALWAYS_EMBED_SWIFT_STANDARD_LIBRARIES = YES;
				CODE_SIGN_STYLE = Automatic;
				DEVELOPMENT_TEAM = LJ32KZVZ54;
				INFOPLIST_FILE = SmartGlassesUITests/Info.plist;
				LD_RUNPATH_SEARCH_PATHS = (
					"$(inherited)",
					"@executable_path/Frameworks",
					"@loader_path/Frameworks",
				);
				PRODUCT_BUNDLE_IDENTIFIER = com.devinmui.SmartGlassesUITests;
				PRODUCT_NAME = "$(TARGET_NAME)";
				SWIFT_VERSION = 5.0;
				TARGETED_DEVICE_FAMILY = "1,2";
				TEST_TARGET_NAME = SmartGlasses;
			};
			name = Release;
		};
/* End XCBuildConfiguration section */

/* Begin XCConfigurationList section */
		5E0A418E25F2F9A100B3A5E4 /* Build configuration list for PBXProject "SmartGlasses" */ = {
			isa = XCConfigurationList;
			buildConfigurations = (
				5E0A41B625F2F9A300B3A5E4 /* Debug */,
				5E0A41B725F2F9A300B3A5E4 /* Release */,
			);
			defaultConfigurationIsVisible = 0;
			defaultConfigurationName = Release;
		};
		5E0A41B825F2F9A300B3A5E4 /* Build configuration list for PBXNativeTarget "SmartGlasses" */ = {
			isa = XCConfigurationList;
			buildConfigurations = (
				5E0A41B925F2F9A300B3A5E4 /* Debug */,
				5E0A41BA25F2F9A300B3A5E4 /* Release */,
			);
			defaultConfigurationIsVisible = 0;
			defaultConfigurationName = Release;
		};
		5E0A41BB25F2F9A300B3A5E4 /* Build configuration list for PBXNativeTarget "SmartGlassesTests" */ = {
			isa = XCConfigurationList;
			buildConfigurations = (
				5E0A41BC25F2F9A300B3A5E4 /* Debug */,
				5E0A41BD25F2F9A300B3A5E4 /* Release */,
			);
			defaultConfigurationIsVisible = 0;
			defaultConfigurationName = Release;
		};
		5E0A41BE25F2F9A300B3A5E4 /* Build configuration list for PBXNativeTarget "SmartGlassesUITests" */ = {
			isa = XCConfigurationList;
			buildConfigurations = (
				5E0A41BF25F2F9A300B3A5E4 /* Debug */,
				5E0A41C025F2F9A300B3A5E4 /* Release */,
			);
			defaultConfigurationIsVisible = 0;
			defaultConfigurationName = Release;
		};
/* End XCConfigurationList section */
	};
	rootObject = 5E0A418B25F2F9A100B3A5E4 /* Project object */;
}
