// !$*UTF8*$!
{
	archiveVersion = 1;
	classes = {
	};
	objectVersion = 50;
	objects = {

/* Begin PBXBuildFile section */
		5E0A419725F2F9A100B3A5E4 /* SmartGlassesApp.swift in Sources */ = {isa = PBXBuildFile; fileRef = 5E0A419625F2F9A100B3A5E4 /* SmartGlassesApp.swift */; };
		5E0A419925F2F9A100B3A5E4 /* ContentView.swift in Sources */ = {isa = PBXBuildFile; fileRef = 5E0A419825F2F9A100B3A5E4 /* ContentView.swift */; };
		5E0A419B25F2F9A300B3A5E4 /* Assets.xcassets in Resources */ = {isa = PBXBuildFile; fileRef = 5E0A419A25F2F9A300B3A5E4 /* Assets.xcassets */; };
		5E0A419E25F2F9A300B3A5E4 /* Preview Assets.xcassets in Resources */ = {isa = PBXBuildFile; fileRef = 5E0A419D25F2F9A300B3A5E4 /* Preview Assets.xcassets */; };
		5E0A41A925F2F9A300B3A5E4 /* SmartGlassesTests.swift in Sources */ = {isa = PBXBuildFile; fileRef = 5E0A41A825F2F9A300B3A5E4 /* SmartGlassesTests.swift */; };
		5E0A41B425F2F9A300B3A5E4 /* SmartGlassesUITests.swift in Sources */ = {isa = PBXBuildFile; fileRef = 5E0A41B325F2F9A300B3A5E4 /* SmartGlassesUITests.swift */; };
		5E0A41C525F2FAFD00B3A5E4 /* transcribe.swift in Sources */ = {isa = PBXBuildFile; fileRef = 5E0A41C425F2FAFD00B3A5E4 /* transcribe.swift */; };
		5E7E70BE25F30A470005C718 /* test.m4a in Resources */ = {isa = PBXBuildFile; fileRef = 5E7E70BD25F30A470005C718 /* test.m4a */; };
/* End PBXBuildFile section */

/* Begin PBXContainerItemProxy section */
		5E0A41A525F2F9A300B3A5E4 /* PBXContainerItemProxy */ = {
			isa = PBXContainerItemProxy;
			containerPortal = 5E0A418B25F2F9A100B3A5E4 /* Project object */;
			proxyType = 1;
			remoteGlobalIDString = 5E0A419225F2F9A100B3A5E4;
			remoteInfo = SmartGlasses;
		};
		5E0A41B025F2F9A300B3A5E4 /* PBXContainerItemProxy */ = {
			isa = PBXContainerItemProxy;
			containerPortal = 5E0A418B25F2F9A100B3A5E4 /* Project object */;
			proxyType = 1;
			remoteGlobalIDString = 5E0A419225F2F9A100B3A5E4;
			remoteInfo = SmartGlasses;
		};
/* End PBXContainerItemProxy section */

/* Begin PBXFileReference section */
		5E0A419325F2F9A100B3A5E4 /* SmartGlasses.app */ = {isa = PBXFileReference; explicitFileType = wrapper.application; includeInIndex = 0; path = SmartGlasses.app; sourceTree = BUILT_PRODUCTS_DIR; };
		5E0A419625F2F9A100B3A5E4 /* SmartGlassesApp.swift */ = {isa = PBXFileReference; lastKnownFileType = sourcecode.swift; path = SmartGlassesApp.swift; sourceTree = "<group>"; };
		5E0A419825F2F9A100B3A5E4 /* ContentView.swift */ = {isa = PBXFileReference; lastKnownFileType = sourcecode.swift; path = ContentView.swift; sourceTree = "<group>"; };
		5E0A419A25F2F9A300B3A5E4 /* Assets.xcassets */ = {isa = PBXFileReference; lastKnownFileType = folder.assetcatalog; path = Assets.xcassets; sourceTree = "<group>"; };
		5E0A419D25F2F9A300B3A5E4 /* Preview Assets.xcassets */ = {isa = PBXFileReference; lastKnownFileType = folder.assetcatalog; path = "Preview Assets.xcassets"; sourceTree = "<group>"; };
		5E0A419F25F2F9A300B3A5E4 /* Info.plist */ = {isa = PBXFileReference; lastKnownFileType = text.plist.xml; path = Info.plist; sourceTree = "<group>"; };
		5E0A41A425F2F9A300B3A5E4 /* SmartGlassesTests.xctest */ = {isa = PBXFileReference; explicitFileType = wrapper.cfbundle; includeInIndex = 0; path = SmartGlassesTests.xctest; sourceTree = BUILT_PRODUCTS_DIR; };
		5E0A41A825F2F9A300B3A5E4 /* SmartGlassesTests.swift */ = {isa = PBXFileReference; lastKnownFileType = sourcecode.swift; path = SmartGlassesTests.swift; sourceTree = "<group>"; };
		5E0A41AA25F2F9A300B3A5E4 /* Info.plist */ = {isa = PBXFileReference; lastKnownFileType = text.plist.xml; path = Info.plist; sourceTree = "<group>"; };
		5E0A41AF25F2F9A300B3A5E4 /* SmartGlassesUITests.xctest */ = {isa = PBXFileReference; explicitFileType = wrapper.cfbundle; includeInIndex = 0; path = SmartGlassesUITests.xctest; sourceTree = BUILT_PRODUCTS_DIR; };
		5E0A41B325F2F9A300B3A5E4 /* SmartGlassesUITests.swift */ = {isa = PBXFileReference; lastKnownFileType = sourcecode.swift; path = SmartGlassesUITests.swift; sourceTree = "<group>"; };
		5E0A41B525F2F9A300B3A5E4 /* Info.plist */ = {isa = PBXFileReference; lastKnownFileType = text.plist.xml; path = Info.plist; sourceTree = "<group>"; };
		5E0A41C425F2FAFD00B3A5E4 /* transcribe.swift */ = {isa = PBXFileReference; lastKnownFileType = sourcecode.swift; path = transcribe.swift; sourceTree = "<group>"; };
		5E7E70BD25F30A470005C718 /* test.m4a */ = {isa = PBXFileReference; lastKnownFileType = file; path = test.m4a; sourceTree = "<group>"; };
/* End PBXFileReference section */

/* Begin PBXFrameworksBuildPhase section */
		5E0A419025F2F9A100B3A5E4 /* Frameworks */ = {
			isa = PBXFrameworksBuildPhase;
			buildActionMask = 2147483647;
			files = (
			);
			runOnlyForDeploymentPostprocessing = 0;
		};
		5E0A41A125F2F9A300B3A5E4 /* Frameworks */ = {
			isa = PBXFrameworksBuildPhase;
			buildActionMask = 2147483647;
			files = (
			);
			runOnlyForDeploymentPostprocessing = 0;
		};
		5E0A41AC25F2F9A300B3A5E4 /* Frameworks */ = {
			isa = PBXFrameworksBuildPhase;
			buildActionMask = 2147483647;
			files = (
			);
			runOnlyForDeploymentPostprocessing = 0;
		};
/* End PBXFrameworksBuildPhase section */

/* Begin PBXGroup section */
		5E0A418A25F2F9A100B3A5E4 = {
			isa = PBXGroup;
			children = (
				5E0A419525F2F9A100B3A5E4 /* SmartGlasses */,
				5E0A41A725F2F9A300B3A5E4 /* SmartGlassesTests */,
				5E0A41B225F2F9A300B3A5E4 /* SmartGlassesUITests */,
				5E0A419425F2F9A100B3A5E4 /* Products */,
			);
			sourceTree = "<group>";
		};
		5E0A419425F2F9A100B3A5E4 /* Products */ = {
			isa = PBXGroup;
			children = (
				5E0A419325F2F9A100B3A5E4 /* SmartGlasses.app */,
				5E0A41A425F2F9A300B3A5E4 /* SmartGlassesTests.xctest */,
				5E0A41AF25F2F9A300B3A5E4 /* SmartGlassesUITests.xctest */,
			);
			name = Products;
			sourceTree = "<group>";
		};
		5E0A419525F2F9A100B3A5E4 /* SmartGlasses */ = {
			isa = PBXGroup;
			children = (
				5E7E70BD25F30A470005C718 /* test.m4a */,
				5E0A419625F2F9A100B3A5E4 /* SmartGlassesApp.swift */,
				5E0A419825F2F9A100B3A5E4 /* ContentView.swift */,
				5E0A419A25F2F9A300B3A5E4 /* Assets.xcassets */,
				5E0A419F25F2F9A300B3A5E4 /* Info.plist */,
				5E0A419C25F2F9A300B3A5E4 /* Preview Content */,
				5E0A41C425F2FAFD00B3A5E4 /* transcribe.swift */,
			);
			path = SmartGlasses;
			sourceTree = "<group>";
		};
		5E0A419C25F2F9A300B3A5E4 /* Preview Content */ = {
			isa = PBXGroup;
			children = (
				5E0A419D25F2F9A300B3A5E4 /* Preview Assets.xcassets */,
			);
			path = "Preview Content";
			sourceTree = "<group>";
		};
		5E0A41A725F2F9A300B3A5E4 /* SmartGlassesTests */ = {
			isa = PBXGroup;
			children = (
				5E0A41A825F2F9A300B3A5E4 /* SmartGlassesTests.swift */,
				5E0A41AA25F2F9A300B3A5E4 /* Info.plist */,
			);
			path = SmartGlassesTests;
			sourceTree = "<group>";
		};
		5E0A41B225F2F9A300B3A5E4 /* SmartGlassesUITests */ = {
			isa = PBXGroup;
			children = (
				5E0A41B325F2F9A300B3A5E4 /* SmartGlassesUITests.swift */,
				5E0A41B525F2F9A300B3A5E4 /* Info.plist */,
			);
			path = SmartGlassesUITests;
			sourceTree = "<group>";
		};
/* End PBXGroup section */

/* Begin PBXNativeTarget section */
		5E0A419225F2F9A100B3A5E4 /* SmartGlasses */ = {
			isa = PBXNativeTarget;
			buildConfigurationList = 5E0A41B825F2F9A300B3A5E4 /* Build configuration list for PBXNativeTarget "SmartGlasses" */;
			buildPhases = (
				5E0A418F25F2F9A100B3A5E4 /* Sources */,
				5E0A419025F2F9A100B3A5E4 /* Frameworks */,
				5E0A419125F2F9A100B3A5E4 /* Resources */,
			);
			buildRules = (
			);
			dependencies = (
			);
			name = SmartGlasses;
			productName = SmartGlasses;
			productReference = 5E0A419325F2F9A100B3A5E4 /* SmartGlasses.app */;
			productType = "com.apple.product-type.application";
		};
		5E0A41A325F2F9A300B3A5E4 /* SmartGlassesTests */ = {
			isa = PBXNativeTarget;
			buildConfigurationList = 5E0A41BB25F2F9A300B3A5E4 /* Build configuration list for PBXNativeTarget "SmartGlassesTests" */;
			buildPhases = (
				5E0A41A025F2F9A300B3A5E4 /* Sources */,
				5E0A41A125F2F9A300B3A5E4 /* Frameworks */,
				5E0A41A225F2F9A300B3A5E4 /* Resources */,
			);
			buildRules = (
			);
			dependencies = (
				5E0A41A625F2F9A300B3A5E4 /* PBXTargetDependency */,
			);
			name = SmartGlassesTests;
			productName = SmartGlassesTests;
			productReference = 5E0A41A425F2F9A300B3A5E4 /* SmartGlassesTests.xctest */;
			productType = "com.apple.product-type.bundle.unit-test";
		};
		5E0A41AE25F2F9A300B3A5E4 /* SmartGlassesUITests */ = {
			isa = PBXNativeTarget;
			buildConfigurationList = 5E0A41BE25F2F9A300B3A5E4 /* Build configuration list for PBXNativeTarget "SmartGlassesUITests" */;
			buildPhases = (
				5E0A41AB25F2F9A300B3A5E4 /* Sources */,
				5E0A41AC25F2F9A300B3A5E4 /* Frameworks */,
				5E0A41AD25F2F9A300B3A5E4 /* Resources */,
			);
			buildRules = (
			);
			dependencies = (
				5E0A41B125F2F9A300B3A5E4 /* PBXTargetDependency */,
			);
			name = SmartGlassesUITests;
			productName = SmartGlassesUITests;
			productReference = 5E0A41AF25F2F9A300B3A5E4 /* SmartGlassesUITests.xctest */;
			productType = "com.apple.product-type.bundle.ui-testing";
		};
/* End PBXNativeTarget section */

/* Begin PBXProject section */
		5E0A418B25F2F9A100B3A5E4 /* Project object */ = {
			isa = PBXProject;
			attributes = {
				LastSwiftUpdateCheck = 1240;
				LastUpgradeCheck = 1240;
				TargetAttributes = {
					5E0A419225F2F9A100B3A5E4 = {
						CreatedOnToolsVersion = 12.4;
					};
					5E0A41A325F2F9A300B3A5E4 = {
						CreatedOnToolsVersion = 12.4;
						TestTargetID = 5E0A419225F2F9A100B3A5E4;
					};
					5E0A41AE25F2F9A300B3A5E4 = {
						CreatedOnToolsVersion = 12.4;
						TestTargetID = 5E0A419225F2F9A100B3A5E4;
					};
				};
			};
			buildConfigurationList = 5E0A418E25F2F9A100B3A5E4 /* Build configuration list for PBXProject "SmartGlasses" */;
			compatibilityVersion = "Xcode 9.3";
			developmentRegion = en;
			hasScannedForEncodings = 0;
			knownRegions = (
				en,
				Base,
			);
			mainGroup = 5E0A418A25F2F9A100B3A5E4;
			productRefGroup = 5E0A419425F2F9A100B3A5E4 /* Products */;
			projectDirPath = "";
			projectRoot = "";
			targets = (
				5E0A419225F2F9A100B3A5E4 /* SmartGlasses */,
				5E0A41A325F2F9A300B3A5E4 /* SmartGlassesTests */,
				5E0A41AE25F2F9A300B3A5E4 /* SmartGlassesUITests */,
			);
		};
/* End PBXProject section */

/* Begin PBXResourcesBuildPhase section */
		5E0A419125F2F9A100B3A5E4 /* Resources */ = {
			isa = PBXResourcesBuildPhase;
			buildActionMask = 2147483647;
			files = (
				5E0A419E25F2F9A300B3A5E4 /* Preview Assets.xcassets in Resources */,
				5E7E70BE25F30A470005C718 /* test.m4a in Resources */,
				5E0A419B25F2F9A300B3A5E4 /* Assets.xcassets in Resources */,
			);
			runOnlyForDeploymentPostprocessing = 0;
		};
		5E0A41A225F2F9A300B3A5E4 /* Resources */ = {
			isa = PBXResourcesBuildPhase;
			buildActionMask = 2147483647;
			files = (
			);
			runOnlyForDeploymentPostprocessing = 0;
		};
		5E0A41AD25F2F9A300B3A5E4 /* Resources */ = {
			isa = PBXResourcesBuildPhase;
			buildActionMask = 2147483647;
			files = (
			);
			runOnlyForDeploymentPostprocessing = 0;
		};
/* End PBXResourcesBuildPhase section */

/* Begin PBXSourcesBuildPhase section */
		5E0A418F25F2F9A100B3A5E4 /* Sources */ = {
			isa = PBXSourcesBuildPhase;
			buildActionMask = 2147483647;
			files = (
				5E0A419925F2F9A100B3A5E4 /* ContentView.swift in Sources */,
				5E0A41C525F2FAFD00B3A5E4 /* transcribe.swift in Sources */,
				5E0A419725F2F9A100B3A5E4 /* SmartGlassesApp.swift in Sources */,
			);
			runOnlyForDeploymentPostprocessing = 0;
		};
		5E0A41A025F2F9A300B3A5E4 /* Sources */ = {
			isa = PBXSourcesBuildPhase;
			buildActionMask = 2147483647;
			files = (
				5E0A41A925F2F9A300B3A5E4 /* SmartGlassesTests.swift in Sources */,
			);
			runOnlyForDeploymentPostprocessing = 0;
		};
		5E0A41AB25F2F9A300B3A5E4 /* Sources */ = {
			isa = PBXSourcesBuildPhase;
			buildActionMask = 2147483647;
			files = (
				5E0A41B425F2F9A300B3A5E4 /* SmartGlassesUITests.swift in Sources */,
			);
			runOnlyForDeploymentPostprocessing = 0;
		};
/* End PBXSourcesBuildPhase section */

/* Begin PBXTargetDependency section */
		5E0A41A625F2F9A300B3A5E4 /* PBXTargetDependency */ = {
			isa = PBXTargetDependency;
			target = 5E0A419225F2F9A100B3A5E4 /* SmartGlasses */;
			targetProxy = 5E0A41A525F2F9A300B3A5E4 /* PBXContainerItemProxy */;
		};
		5E0A41B125F2F9A300B3A5E4 /* PBXTargetDependency */ = {
			isa = PBXTargetDependency;
			target = 5E0A419225F2F9A100B3A5E4 /* SmartGlasses */;
			targetProxy = 5E0A41B025F2F9A300B3A5E4 /* PBXContainerItemProxy */;
		};
/* End PBXTargetDependency section */

/* Begin XCBuildConfiguration section */
		5E0A41B625F2F9A300B3A5E4 /* Debug */ = {
			isa = XCBuildConfiguration;
			buildSettings = {
				ALWAYS_SEARCH_USER_PATHS = NO;
				CLANG_ANALYZER_NONNULL = YES;
				CLANG_ANALYZER_NUMBER_OBJECT_CONVERSION = YES_AGGRESSIVE;
				CLANG_CXX_LANGUAGE_STANDARD = "gnu++14";
				CLANG_CXX_LIBRARY = "libc++";
				CLANG_ENABLE_MODULES = YES;
				CLANG_ENABLE_OBJC_ARC = YES;
				CLANG_ENABLE_OBJC_WEAK = YES;
				CLANG_WARN_BLOCK_CAPTURE_AUTORELEASING = YES;
				CLANG_WARN_BOOL_CONVERSION = YES;
				CLANG_WARN_COMMA = YES;
				CLANG_WARN_CONSTANT_CONVERSION = YES;
				CLANG_WARN_DEPRECATED_OBJC_IMPLEMENTATIONS = YES;
				CLANG_WARN_DIRECT_OBJC_ISA_USAGE = YES_ERROR;
				CLANG_WARN_DOCUMENTATION_COMMENTS = YES;
				CLANG_WARN_EMPTY_BODY = YES;
				CLANG_WARN_ENUM_CONVERSION = YES;
				CLANG_WARN_INFINITE_RECURSION = YES;
				CLANG_WARN_INT_CONVERSION = YES;
				CLANG_WARN_NON_LITERAL_NULL_CONVERSION = YES;
				CLANG_WARN_OBJC_IMPLICIT_RETAIN_SELF = YES;
				CLANG_WARN_OBJC_LITERAL_CONVERSION = YES;
				CLANG_WARN_OBJC_ROOT_CLASS = YES_ERROR;
				CLANG_WARN_QUOTED_INCLUDE_IN_FRAMEWORK_HEADER = YES;
				CLANG_WARN_RANGE_LOOP_ANALYSIS = YES;
				CLANG_WARN_STRICT_PROTOTYPES = YES;
				CLANG_WARN_SUSPICIOUS_MOVE = YES;
				CLANG_WARN_UNGUARDED_AVAILABILITY = YES_AGGRESSIVE;
				CLANG_WARN_UNREACHABLE_CODE = YES;
				CLANG_WARN__DUPLICATE_METHOD_MATCH = YES;
				COPY_PHASE_STRIP = NO;
				DEBUG_INFORMATION_FORMAT = dwarf;
				ENABLE_STRICT_OBJC_MSGSEND = YES;
				ENABLE_TESTABILITY = YES;
				GCC_C_LANGUAGE_STANDARD = gnu11;
				GCC_DYNAMIC_NO_PIC = NO;
				GCC_NO_COMMON_BLOCKS = YES;
				GCC_OPTIMIZATION_LEVEL = 0;
				GCC_PREPROCESSOR_DEFINITIONS = (
					"DEBUG=1",
					"$(inherited)",
				);
				GCC_WARN_64_TO_32_BIT_CONVERSION = YES;
				GCC_WARN_ABOUT_RETURN_TYPE = YES_ERROR;
				GCC_WARN_UNDECLARED_SELECTOR = YES;
				GCC_WARN_UNINITIALIZED_AUTOS = YES_AGGRESSIVE;
				GCC_WARN_UNUSED_FUNCTION = YES;
				GCC_WARN_UNUSED_VARIABLE = YES;
				IPHONEOS_DEPLOYMENT_TARGET = 14.4;
				MTL_ENABLE_DEBUG_INFO = INCLUDE_SOURCE;
				MTL_FAST_MATH = YES;
				ONLY_ACTIVE_ARCH = YES;
				SDKROOT = iphoneos;
				SWIFT_ACTIVE_COMPILATION_CONDITIONS = DEBUG;
				SWIFT_OPTIMIZATION_LEVEL = "-Onone";
			};
			name = Debug;
		};
		5E0A41B725F2F9A300B3A5E4 /* Release */ = {
			isa = XCBuildConfiguration;
			buildSettings = {
				ALWAYS_SEARCH_USER_PATHS = NO;
				CLANG_ANALYZER_NONNULL = YES;
				CLANG_ANALYZER_NUMBER_OBJECT_CONVERSION = YES_AGGRESSIVE;
				CLANG_CXX_LANGUAGE_STANDARD = "gnu++14";
				CLANG_CXX_LIBRARY = "libc++";
				CLANG_ENABLE_MODULES = YES;
				CLANG_ENABLE_OBJC_ARC = YES;
				CLANG_ENABLE_OBJC_WEAK = YES;
				CLANG_WARN_BLOCK_CAPTURE_AUTORELEASING = YES;
				CLANG_WARN_BOOL_CONVERSION = YES;
				CLANG_WARN_COMMA = YES;
				CLANG_WARN_CONSTANT_CONVERSION = YES;
				CLANG_WARN_DEPRECATED_OBJC_IMPLEMENTATIONS = YES;
				CLANG_WARN_DIRECT_OBJC_ISA_USAGE = YES_ERROR;
				CLANG_WARN_DOCUMENTATION_COMMENTS = YES;
				CLANG_WARN_EMPTY_BODY = YES;
				CLANG_WARN_ENUM_CONVERSION = YES;
				CLANG_WARN_INFINITE_RECURSION = YES;
				CLANG_WARN_INT_CONVERSION = YES;
				CLANG_WARN_NON_LITERAL_NULL_CONVERSION = YES;
				CLANG_WARN_OBJC_IMPLICIT_RETAIN_SELF = YES;
				CLANG_WARN_OBJC_LITERAL_CONVERSION = YES;
				CLANG_WARN_OBJC_ROOT_CLASS = YES_ERROR;
				CLANG_WARN_QUOTED_INCLUDE_IN_FRAMEWORK_HEADER = YES;
				CLANG_WARN_RANGE_LOOP_ANALYSIS = YES;
				CLANG_WARN_STRICT_PROTOTYPES = YES;
				CLANG_WARN_SUSPICIOUS_MOVE = YES;
				CLANG_WARN_UNGUARDED_AVAILABILITY = YES_AGGRESSIVE;
				CLANG_WARN_UNREACHABLE_CODE = YES;
				CLANG_WARN__DUPLICATE_METHOD_MATCH = YES;
				COPY_PHASE_STRIP = NO;
				DEBUG_INFORMATION_FORMAT = "dwarf-with-dsym";
				ENABLE_NS_ASSERTIONS = NO;
				ENABLE_STRICT_OBJC_MSGSEND = YES;
				GCC_C_LANGUAGE_STANDARD = gnu11;
				GCC_NO_COMMON_BLOCKS = YES;
				GCC_WARN_64_TO_32_BIT_CONVERSION = YES;
				GCC_WARN_ABOUT_RETURN_TYPE = YES_ERROR;
				GCC_WARN_UNDECLARED_SELECTOR = YES;
				GCC_WARN_UNINITIALIZED_AUTOS = YES_AGGRESSIVE;
				GCC_WARN_UNUSED_FUNCTION = YES;
				GCC_WARN_UNUSED_VARIABLE = YES;
				IPHONEOS_DEPLOYMENT_TARGET = 14.4;
				MTL_ENABLE_DEBUG_INFO = NO;
				MTL_FAST_MATH = YES;
				SDKROOT = iphoneos;
				SWIFT_COMPILATION_MODE = wholemodule;
				SWIFT_OPTIMIZATION_LEVEL = "-O";
				VALIDATE_PRODUCT = YES;
			};
			name = Release;
		};
		5E0A41B925F2F9A300B3A5E4 /* Debug */ = {
			isa = XCBuildConfiguration;
			buildSettings = {
				ASSETCATALOG_COMPILER_APPICON_NAME = AppIcon;
				ASSETCATALOG_COMPILER_GLOBAL_ACCENT_COLOR_NAME = AccentColor;
				CODE_SIGN_STYLE = Automatic;
				DEVELOPMENT_ASSET_PATHS = "\"SmartGlasses/Preview Content\"";
				DEVELOPMENT_TEAM = LJ32KZVZ54;
				ENABLE_PREVIEWS = YES;
				INFOPLIST_FILE = SmartGlasses/Info.plist;
				IPHONEOS_DEPLOYMENT_TARGET = 14.0;
				LD_RUNPATH_SEARCH_PATHS = (
					"$(inherited)",
					"@executable_path/Frameworks",
				);
				PRODUCT_BUNDLE_IDENTIFIER = com.devinmui.SmartGlasses;
				PRODUCT_NAME = "$(TARGET_NAME)";
				SWIFT_VERSION = 5.0;
				TARGETED_DEVICE_FAMILY = "1,2";
			};
			name = Debug;
		};
		5E0A41BA25F2F9A300B3A5E4 /* Release */ = {
			isa = XCBuildConfiguration;
			buildSettings = {
				ASSETCATALOG_COMPILER_APPICON_NAME = AppIcon;
				ASSETCATALOG_COMPILER_GLOBAL_ACCENT_COLOR_NAME = AccentColor;
				CODE_SIGN_STYLE = Automatic;
				DEVELOPMENT_ASSET_PATHS = "\"SmartGlasses/Preview Content\"";
				DEVELOPMENT_TEAM = LJ32KZVZ54;
				ENABLE_PREVIEWS = YES;
				INFOPLIST_FILE = SmartGlasses/Info.plist;
				IPHONEOS_DEPLOYMENT_TARGET = 14.0;
				LD_RUNPATH_SEARCH_PATHS = (
					"$(inherited)",
					"@executable_path/Frameworks",
				);
				PRODUCT_BUNDLE_IDENTIFIER = com.devinmui.SmartGlasses;
				PRODUCT_NAME = "$(TARGET_NAME)";
				SWIFT_VERSION = 5.0;
				TARGETED_DEVICE_FAMILY = "1,2";
			};
			name = Release;
		};
		5E0A41BC25F2F9A300B3A5E4 /* Debug */ = {
			isa = XCBuildConfiguration;
			buildSettings = {
				ALWAYS_EMBED_SWIFT_STANDARD_LIBRARIES = YES;
				BUNDLE_LOADER = "$(TEST_HOST)";
				CODE_SIGN_STYLE = Automatic;
				DEVELOPMENT_TEAM = LJ32KZVZ54;
				INFOPLIST_FILE = SmartGlassesTests/Info.plist;
				IPHONEOS_DEPLOYMENT_TARGET = 14.0;
				LD_RUNPATH_SEARCH_PATHS = (
					"$(inherited)",
					"@executable_path/Frameworks",
					"@loader_path/Frameworks",
				);
				PRODUCT_BUNDLE_IDENTIFIER = com.devinmui.SmartGlassesTests;
				PRODUCT_NAME = "$(TARGET_NAME)";
				SWIFT_VERSION = 5.0;
				TARGETED_DEVICE_FAMILY = "1,2";
				TEST_HOST = "$(BUILT_PRODUCTS_DIR)/SmartGlasses.app/SmartGlasses";
			};
			name = Debug;
		};
		5E0A41BD25F2F9A300B3A5E4 /* Release */ = {
			isa = XCBuildConfiguration;
			buildSettings = {
				ALWAYS_EMBED_SWIFT_STANDARD_LIBRARIES = YES;
				BUNDLE_LOADER = "$(TEST_HOST)";
				CODE_SIGN_STYLE = Automatic;
				DEVELOPMENT_TEAM = LJ32KZVZ54;
				INFOPLIST_FILE = SmartGlassesTests/Info.plist;
				IPHONEOS_DEPLOYMENT_TARGET = 14.0;
				LD_RUNPATH_SEARCH_PATHS = (
					"$(inherited)",
					"@executable_path/Frameworks",
					"@loader_path/Frameworks",
				);
				PRODUCT_BUNDLE_IDENTIFIER = com.devinmui.SmartGlassesTests;
				PRODUCT_NAME = "$(TARGET_NAME)";
				SWIFT_VERSION = 5.0;
				TARGETED_DEVICE_FAMILY = "1,2";
				TEST_HOST = "$(BUILT_PRODUCTS_DIR)/SmartGlasses.app/SmartGlasses";
			};
			name = Release;
		};
		5E0A41BF25F2F9A300B3A5E4 /* Debug */ = {
			isa = XCBuildConfiguration;
			buildSettings = {
				ALWAYS_EMBED_SWIFT_STANDARD_LIBRARIES = YES;
				CODE_SIGN_STYLE = Automatic;
				DEVELOPMENT_TEAM = LJ32KZVZ54;
				INFOPLIST_FILE = SmartGlassesUITests/Info.plist;
				LD_RUNPATH_SEARCH_PATHS = (
					"$(inherited)",
					"@executable_path/Frameworks",
					"@loader_path/Frameworks",
				);
				PRODUCT_BUNDLE_IDENTIFIER = com.devinmui.SmartGlassesUITests;
				PRODUCT_NAME = "$(TARGET_NAME)";
				SWIFT_VERSION = 5.0;
				TARGETED_DEVICE_FAMILY = "1,2";
				TEST_TARGET_NAME = SmartGlasses;
			};
			name = Debug;
		};
		5E0A41C025F2F9A300B3A5E4 /* Release */ = {
			isa = XCBuildConfiguration;
			buildSettings = {
				ALWAYS_EMBED_SWIFT_STANDARD_LIBRARIES = YES;
				CODE_SIGN_STYLE = Automatic;
				DEVELOPMENT_TEAM = LJ32KZVZ54;
				INFOPLIST_FILE = SmartGlassesUITests/Info.plist;
				LD_RUNPATH_SEARCH_PATHS = (
					"$(inherited)",
					"@executable_path/Frameworks",
					"@loader_path/Frameworks",
				);
				PRODUCT_BUNDLE_IDENTIFIER = com.devinmui.SmartGlassesUITests;
				PRODUCT_NAME = "$(TARGET_NAME)";
				SWIFT_VERSION = 5.0;
				TARGETED_DEVICE_FAMILY = "1,2";
				TEST_TARGET_NAME = SmartGlasses;
			};
			name = Release;
		};
/* End XCBuildConfiguration section */

/* Begin XCConfigurationList section */
		5E0A418E25F2F9A100B3A5E4 /* Build configuration list for PBXProject "SmartGlasses" */ = {
			isa = XCConfigurationList;
			buildConfigurations = (
				5E0A41B625F2F9A300B3A5E4 /* Debug */,
				5E0A41B725F2F9A300B3A5E4 /* Release */,
			);
			defaultConfigurationIsVisible = 0;
			defaultConfigurationName = Release;
		};
		5E0A41B825F2F9A300B3A5E4 /* Build configuration list for PBXNativeTarget "SmartGlasses" */ = {
			isa = XCConfigurationList;
			buildConfigurations = (
				5E0A41B925F2F9A300B3A5E4 /* Debug */,
				5E0A41BA25F2F9A300B3A5E4 /* Release */,
			);
			defaultConfigurationIsVisible = 0;
			defaultConfigurationName = Release;
		};
		5E0A41BB25F2F9A300B3A5E4 /* Build configuration list for PBXNativeTarget "SmartGlassesTests" */ = {
			isa = XCConfigurationList;
			buildConfigurations = (
				5E0A41BC25F2F9A300B3A5E4 /* Debug */,
				5E0A41BD25F2F9A300B3A5E4 /* Release */,
			);
			defaultConfigurationIsVisible = 0;
			defaultConfigurationName = Release;
		};
		5E0A41BE25F2F9A300B3A5E4 /* Build configuration list for PBXNativeTarget "SmartGlassesUITests" */ = {
			isa = XCConfigurationList;
			buildConfigurations = (
				5E0A41BF25F2F9A300B3A5E4 /* Debug */,
				5E0A41C025F2F9A300B3A5E4 /* Release */,
			);
			defaultConfigurationIsVisible = 0;
			defaultConfigurationName = Release;
		};
/* End XCConfigurationList section */
	};
	rootObject = 5E0A418B25F2F9A100B3A5E4 /* Project object */;
}
