// !$*UTF8*$!
{
	archiveVersion = 1;
	classes = {
	};
	objectVersion = 51;
	objects = {

/* Begin PBXBuildFile section */
		2D5E111DBDC7C9519B77CA00 /* Pods_SmartGlasses_SmartGlassesUITests.framework in Frameworks */ = {isa = PBXBuildFile; fileRef = 31F93AA6120D5160BF8CFF7E /* Pods_SmartGlasses_SmartGlassesUITests.framework */; };
		5E0A419725F2F9A100B3A5E4 /* SmartGlassesApp.swift in Sources */ = {isa = PBXBuildFile; fileRef = 5E0A419625F2F9A100B3A5E4 /* SmartGlassesApp.swift */; };
		5E0A419925F2F9A100B3A5E4 /* ContentView.swift in Sources */ = {isa = PBXBuildFile; fileRef = 5E0A419825F2F9A100B3A5E4 /* ContentView.swift */; };
		5E0A419B25F2F9A300B3A5E4 /* Assets.xcassets in Resources */ = {isa = PBXBuildFile; fileRef = 5E0A419A25F2F9A300B3A5E4 /* Assets.xcassets */; };
		5E0A419E25F2F9A300B3A5E4 /* Preview Assets.xcassets in Resources */ = {isa = PBXBuildFile; fileRef = 5E0A419D25F2F9A300B3A5E4 /* Preview Assets.xcassets */; };
		5E0A41A925F2F9A300B3A5E4 /* SmartGlassesTests.swift in Sources */ = {isa = PBXBuildFile; fileRef = 5E0A41A825F2F9A300B3A5E4 /* SmartGlassesTests.swift */; };
		5E0A41B425F2F9A300B3A5E4 /* SmartGlassesUITests.swift in Sources */ = {isa = PBXBuildFile; fileRef = 5E0A41B325F2F9A300B3A5E4 /* SmartGlassesUITests.swift */; };
		5E20E749260D7D2000F606F2 /* Recognizer.swift in Sources */ = {isa = PBXBuildFile; fileRef = 5E20E748260D7D2000F606F2 /* Recognizer.swift */; };
		5E5815B0260D81A500AC0630 /* image.jpeg in Resources */ = {isa = PBXBuildFile; fileRef = 5E5815AF260D81A500AC0630 /* image.jpeg */; };
		5E5815B5260D849500AC0630 /* monkey.jpeg in Resources */ = {isa = PBXBuildFile; fileRef = 5E5815B4260D849500AC0630 /* monkey.jpeg */; };
		5E5815BA260D85A500AC0630 /* boat.jpeg in Resources */ = {isa = PBXBuildFile; fileRef = 5E5815B9260D85A500AC0630 /* boat.jpeg */; };
		B8067DF5E3A4D4BB38966D36 /* Pods_SmartGlassesTests.framework in Frameworks */ = {isa = PBXBuildFile; fileRef = 3D74EF9A43339A385DE07BD6 /* Pods_SmartGlassesTests.framework */; };
		EF09CF9A601FC8E9F322CF03 /* Pods_SmartGlasses.framework in Frameworks */ = {isa = PBXBuildFile; fileRef = 867FF157B4CEC83E148570E4 /* Pods_SmartGlasses.framework */; };
/* End PBXBuildFile section */

/* Begin PBXContainerItemProxy section */
		5E0A41A525F2F9A300B3A5E4 /* PBXContainerItemProxy */ = {
			isa = PBXContainerItemProxy;
			containerPortal = 5E0A418B25F2F9A100B3A5E4 /* Project object */;
			proxyType = 1;
			remoteGlobalIDString = 5E0A419225F2F9A100B3A5E4;
			remoteInfo = SmartGlasses;
		};
		5E0A41B025F2F9A300B3A5E4 /* PBXContainerItemProxy */ = {
			isa = PBXContainerItemProxy;
			containerPortal = 5E0A418B25F2F9A100B3A5E4 /* Project object */;
			proxyType = 1;
			remoteGlobalIDString = 5E0A419225F2F9A100B3A5E4;
			remoteInfo = SmartGlasses;
		};
/* End PBXContainerItemProxy section */

/* Begin PBXFileReference section */
		07619EBCFD7D5DAAF5B0B7A1 /* Pods-SmartGlassesTests.debug.xcconfig */ = {isa = PBXFileReference; includeInIndex = 1; lastKnownFileType = text.xcconfig; name = "Pods-SmartGlassesTests.debug.xcconfig"; path = "Target Support Files/Pods-SmartGlassesTests/Pods-SmartGlassesTests.debug.xcconfig"; sourceTree = "<group>"; };
		1FB90666F8298CBED58C678F /* Pods-SmartGlasses.debug.xcconfig */ = {isa = PBXFileReference; includeInIndex = 1; lastKnownFileType = text.xcconfig; name = "Pods-SmartGlasses.debug.xcconfig"; path = "Target Support Files/Pods-SmartGlasses/Pods-SmartGlasses.debug.xcconfig"; sourceTree = "<group>"; };
		23B04D035CA66CBED58C84AD /* Pods-SmartGlasses-SmartGlassesUITests.release.xcconfig */ = {isa = PBXFileReference; includeInIndex = 1; lastKnownFileType = text.xcconfig; name = "Pods-SmartGlasses-SmartGlassesUITests.release.xcconfig"; path = "Target Support Files/Pods-SmartGlasses-SmartGlassesUITests/Pods-SmartGlasses-SmartGlassesUITests.release.xcconfig"; sourceTree = "<group>"; };
		2C712650829BCA435FFAB4FB /* Pods-SmartGlasses.release.xcconfig */ = {isa = PBXFileReference; includeInIndex = 1; lastKnownFileType = text.xcconfig; name = "Pods-SmartGlasses.release.xcconfig"; path = "Target Support Files/Pods-SmartGlasses/Pods-SmartGlasses.release.xcconfig"; sourceTree = "<group>"; };
		31F93AA6120D5160BF8CFF7E /* Pods_SmartGlasses_SmartGlassesUITests.framework */ = {isa = PBXFileReference; explicitFileType = wrapper.framework; includeInIndex = 0; path = Pods_SmartGlasses_SmartGlassesUITests.framework; sourceTree = BUILT_PRODUCTS_DIR; };
		3D74EF9A43339A385DE07BD6 /* Pods_SmartGlassesTests.framework */ = {isa = PBXFileReference; explicitFileType = wrapper.framework; includeInIndex = 0; path = Pods_SmartGlassesTests.framework; sourceTree = BUILT_PRODUCTS_DIR; };
		448E7AE3914378C8E5E7FDAC /* Pods-SmartGlasses-SmartGlassesUITests.debug.xcconfig */ = {isa = PBXFileReference; includeInIndex = 1; lastKnownFileType = text.xcconfig; name = "Pods-SmartGlasses-SmartGlassesUITests.debug.xcconfig"; path = "Target Support Files/Pods-SmartGlasses-SmartGlassesUITests/Pods-SmartGlasses-SmartGlassesUITests.debug.xcconfig"; sourceTree = "<group>"; };
		5E0A419325F2F9A100B3A5E4 /* SmartGlasses.app */ = {isa = PBXFileReference; explicitFileType = wrapper.application; includeInIndex = 0; path = SmartGlasses.app; sourceTree = BUILT_PRODUCTS_DIR; };
		5E0A419625F2F9A100B3A5E4 /* SmartGlassesApp.swift */ = {isa = PBXFileReference; lastKnownFileType = sourcecode.swift; path = SmartGlassesApp.swift; sourceTree = "<group>"; };
		5E0A419825F2F9A100B3A5E4 /* ContentView.swift */ = {isa = PBXFileReference; lastKnownFileType = sourcecode.swift; path = ContentView.swift; sourceTree = "<group>"; };
		5E0A419A25F2F9A300B3A5E4 /* Assets.xcassets */ = {isa = PBXFileReference; lastKnownFileType = folder.assetcatalog; path = Assets.xcassets; sourceTree = "<group>"; };
		5E0A419D25F2F9A300B3A5E4 /* Preview Assets.xcassets */ = {isa = PBXFileReference; lastKnownFileType = folder.assetcatalog; path = "Preview Assets.xcassets"; sourceTree = "<group>"; };
		5E0A419F25F2F9A300B3A5E4 /* Info.plist */ = {isa = PBXFileReference; lastKnownFileType = text.plist.xml; path = Info.plist; sourceTree = "<group>"; };
		5E0A41A425F2F9A300B3A5E4 /* SmartGlassesTests.xctest */ = {isa = PBXFileReference; explicitFileType = wrapper.cfbundle; includeInIndex = 0; path = SmartGlassesTests.xctest; sourceTree = BUILT_PRODUCTS_DIR; };
		5E0A41A825F2F9A300B3A5E4 /* SmartGlassesTests.swift */ = {isa = PBXFileReference; lastKnownFileType = sourcecode.swift; path = SmartGlassesTests.swift; sourceTree = "<group>"; };
		5E0A41AA25F2F9A300B3A5E4 /* Info.plist */ = {isa = PBXFileReference; lastKnownFileType = text.plist.xml; path = Info.plist; sourceTree = "<group>"; };
		5E0A41AF25F2F9A300B3A5E4 /* SmartGlassesUITests.xctest */ = {isa = PBXFileReference; explicitFileType = wrapper.cfbundle; includeInIndex = 0; path = SmartGlassesUITests.xctest; sourceTree = BUILT_PRODUCTS_DIR; };
		5E0A41B325F2F9A300B3A5E4 /* SmartGlassesUITests.swift */ = {isa = PBXFileReference; lastKnownFileType = sourcecode.swift; path = SmartGlassesUITests.swift; sourceTree = "<group>"; };
		5E0A41B525F2F9A300B3A5E4 /* Info.plist */ = {isa = PBXFileReference; lastKnownFileType = text.plist.xml; path = Info.plist; sourceTree = "<group>"; };
		5E20E748260D7D2000F606F2 /* Recognizer.swift */ = {isa = PBXFileReference; lastKnownFileType = sourcecode.swift; path = Recognizer.swift; sourceTree = "<group>"; };
		5E5815AF260D81A500AC0630 /* image.jpeg */ = {isa = PBXFileReference; lastKnownFileType = image.jpeg; path = image.jpeg; sourceTree = "<group>"; };
		5E5815B4260D849500AC0630 /* monkey.jpeg */ = {isa = PBXFileReference; lastKnownFileType = image.jpeg; path = monkey.jpeg; sourceTree = "<group>"; };
		5E5815B9260D85A500AC0630 /* boat.jpeg */ = {isa = PBXFileReference; lastKnownFileType = image.jpeg; path = boat.jpeg; sourceTree = "<group>"; };
		867FF157B4CEC83E148570E4 /* Pods_SmartGlasses.framework */ = {isa = PBXFileReference; explicitFileType = wrapper.framework; includeInIndex = 0; path = Pods_SmartGlasses.framework; sourceTree = BUILT_PRODUCTS_DIR; };
		B32185ABD3475122A230FE10 /* Pods-SmartGlassesTests.release.xcconfig */ = {isa = PBXFileReference; includeInIndex = 1; lastKnownFileType = text.xcconfig; name = "Pods-SmartGlassesTests.release.xcconfig"; path = "Target Support Files/Pods-SmartGlassesTests/Pods-SmartGlassesTests.release.xcconfig"; sourceTree = "<group>"; };
/* End PBXFileReference section */

/* Begin PBXFrameworksBuildPhase section */
		5E0A419025F2F9A100B3A5E4 /* Frameworks */ = {
			isa = PBXFrameworksBuildPhase;
			buildActionMask = 2147483647;
			files = (
				EF09CF9A601FC8E9F322CF03 /* Pods_SmartGlasses.framework in Frameworks */,
			);
			runOnlyForDeploymentPostprocessing = 0;
		};
		5E0A41A125F2F9A300B3A5E4 /* Frameworks */ = {
			isa = PBXFrameworksBuildPhase;
			buildActionMask = 2147483647;
			files = (
				B8067DF5E3A4D4BB38966D36 /* Pods_SmartGlassesTests.framework in Frameworks */,
			);
			runOnlyForDeploymentPostprocessing = 0;
		};
		5E0A41AC25F2F9A300B3A5E4 /* Frameworks */ = {
			isa = PBXFrameworksBuildPhase;
			buildActionMask = 2147483647;
			files = (
				2D5E111DBDC7C9519B77CA00 /* Pods_SmartGlasses_SmartGlassesUITests.framework in Frameworks */,
			);
			runOnlyForDeploymentPostprocessing = 0;
		};
/* End PBXFrameworksBuildPhase section */

/* Begin PBXGroup section */
		5E0A418A25F2F9A100B3A5E4 = {
			isa = PBXGroup;
			children = (
				5E0A419525F2F9A100B3A5E4 /* SmartGlasses */,
				5E0A41A725F2F9A300B3A5E4 /* SmartGlassesTests */,
				5E0A41B225F2F9A300B3A5E4 /* SmartGlassesUITests */,
				5E0A419425F2F9A100B3A5E4 /* Products */,
				C58832FBFA706DA21A71271C /* Pods */,
				9ADC1AABA4F35B2828644392 /* Frameworks */,
			);
			sourceTree = "<group>";
		};
		5E0A419425F2F9A100B3A5E4 /* Products */ = {
			isa = PBXGroup;
			children = (
				5E0A419325F2F9A100B3A5E4 /* SmartGlasses.app */,
				5E0A41A425F2F9A300B3A5E4 /* SmartGlassesTests.xctest */,
				5E0A41AF25F2F9A300B3A5E4 /* SmartGlassesUITests.xctest */,
			);
			name = Products;
			sourceTree = "<group>";
		};
		5E0A419525F2F9A100B3A5E4 /* SmartGlasses */ = {
			isa = PBXGroup;
			children = (
				5E5815B9260D85A500AC0630 /* boat.jpeg */,
				5E5815AF260D81A500AC0630 /* image.jpeg */,
				5E5815B4260D849500AC0630 /* monkey.jpeg */,
				5E0A419625F2F9A100B3A5E4 /* SmartGlassesApp.swift */,
				5E0A419825F2F9A100B3A5E4 /* ContentView.swift */,
				5E0A419A25F2F9A300B3A5E4 /* Assets.xcassets */,
				5E0A419F25F2F9A300B3A5E4 /* Info.plist */,
				5E0A419C25F2F9A300B3A5E4 /* Preview Content */,
				5E20E748260D7D2000F606F2 /* Recognizer.swift */,
			);
			path = SmartGlasses;
			sourceTree = "<group>";
		};
		5E0A419C25F2F9A300B3A5E4 /* Preview Content */ = {
			isa = PBXGroup;
			children = (
				5E0A419D25F2F9A300B3A5E4 /* Preview Assets.xcassets */,
			);
			path = "Preview Content";
			sourceTree = "<group>";
		};
		5E0A41A725F2F9A300B3A5E4 /* SmartGlassesTests */ = {
			isa = PBXGroup;
			children = (
				5E0A41A825F2F9A300B3A5E4 /* SmartGlassesTests.swift */,
				5E0A41AA25F2F9A300B3A5E4 /* Info.plist */,
			);
			path = SmartGlassesTests;
			sourceTree = "<group>";
		};
		5E0A41B225F2F9A300B3A5E4 /* SmartGlassesUITests */ = {
			isa = PBXGroup;
			children = (
				5E0A41B325F2F9A300B3A5E4 /* SmartGlassesUITests.swift */,
				5E0A41B525F2F9A300B3A5E4 /* Info.plist */,
			);
			path = SmartGlassesUITests;
			sourceTree = "<group>";
		};
		9ADC1AABA4F35B2828644392 /* Frameworks */ = {
			isa = PBXGroup;
			children = (
				867FF157B4CEC83E148570E4 /* Pods_SmartGlasses.framework */,
				31F93AA6120D5160BF8CFF7E /* Pods_SmartGlasses_SmartGlassesUITests.framework */,
				3D74EF9A43339A385DE07BD6 /* Pods_SmartGlassesTests.framework */,
			);
			name = Frameworks;
			sourceTree = "<group>";
		};
		C58832FBFA706DA21A71271C /* Pods */ = {
			isa = PBXGroup;
			children = (
				1FB90666F8298CBED58C678F /* Pods-SmartGlasses.debug.xcconfig */,
				2C712650829BCA435FFAB4FB /* Pods-SmartGlasses.release.xcconfig */,
				448E7AE3914378C8E5E7FDAC /* Pods-SmartGlasses-SmartGlassesUITests.debug.xcconfig */,
				23B04D035CA66CBED58C84AD /* Pods-SmartGlasses-SmartGlassesUITests.release.xcconfig */,
				07619EBCFD7D5DAAF5B0B7A1 /* Pods-SmartGlassesTests.debug.xcconfig */,
				B32185ABD3475122A230FE10 /* Pods-SmartGlassesTests.release.xcconfig */,
			);
			path = Pods;
			sourceTree = "<group>";
		};
/* End PBXGroup section */

/* Begin PBXNativeTarget section */
		5E0A419225F2F9A100B3A5E4 /* SmartGlasses */ = {
			isa = PBXNativeTarget;
			buildConfigurationList = 5E0A41B825F2F9A300B3A5E4 /* Build configuration list for PBXNativeTarget "SmartGlasses" */;
			buildPhases = (
				C8CA80144C9DF5BB28532002 /* [CP] Check Pods Manifest.lock */,
				5E0A418F25F2F9A100B3A5E4 /* Sources */,
				5E0A419025F2F9A100B3A5E4 /* Frameworks */,
				5E0A419125F2F9A100B3A5E4 /* Resources */,
				82D2020ACEFA75EF30F915B3 /* [CP] Embed Pods Frameworks */,
				2BC7735A70C8BE60654FF8E4 /* [CP] Copy Pods Resources */,
			);
			buildRules = (
			);
			dependencies = (
			);
			name = SmartGlasses;
			productName = SmartGlasses;
			productReference = 5E0A419325F2F9A100B3A5E4 /* SmartGlasses.app */;
			productType = "com.apple.product-type.application";
		};
		5E0A41A325F2F9A300B3A5E4 /* SmartGlassesTests */ = {
			isa = PBXNativeTarget;
			buildConfigurationList = 5E0A41BB25F2F9A300B3A5E4 /* Build configuration list for PBXNativeTarget "SmartGlassesTests" */;
			buildPhases = (
				F9EEF392FC9662700964F792 /* [CP] Check Pods Manifest.lock */,
				5E0A41A025F2F9A300B3A5E4 /* Sources */,
				5E0A41A125F2F9A300B3A5E4 /* Frameworks */,
				5E0A41A225F2F9A300B3A5E4 /* Resources */,
			);
			buildRules = (
			);
			dependencies = (
				5E0A41A625F2F9A300B3A5E4 /* PBXTargetDependency */,
			);
			name = SmartGlassesTests;
			productName = SmartGlassesTests;
			productReference = 5E0A41A425F2F9A300B3A5E4 /* SmartGlassesTests.xctest */;
			productType = "com.apple.product-type.bundle.unit-test";
		};
		5E0A41AE25F2F9A300B3A5E4 /* SmartGlassesUITests */ = {
			isa = PBXNativeTarget;
			buildConfigurationList = 5E0A41BE25F2F9A300B3A5E4 /* Build configuration list for PBXNativeTarget "SmartGlassesUITests" */;
			buildPhases = (
				968D3D17AFA0AA51835EF413 /* [CP] Check Pods Manifest.lock */,
				5E0A41AB25F2F9A300B3A5E4 /* Sources */,
				5E0A41AC25F2F9A300B3A5E4 /* Frameworks */,
				5E0A41AD25F2F9A300B3A5E4 /* Resources */,
				8E3AAADDE43E7E119C5E1547 /* [CP] Embed Pods Frameworks */,
				0F857C016359316ACF30A70C /* [CP] Copy Pods Resources */,
			);
			buildRules = (
			);
			dependencies = (
				5E0A41B125F2F9A300B3A5E4 /* PBXTargetDependency */,
			);
			name = SmartGlassesUITests;
			productName = SmartGlassesUITests;
			productReference = 5E0A41AF25F2F9A300B3A5E4 /* SmartGlassesUITests.xctest */;
			productType = "com.apple.product-type.bundle.ui-testing";
		};
/* End PBXNativeTarget section */

/* Begin PBXProject section */
		5E0A418B25F2F9A100B3A5E4 /* Project object */ = {
			isa = PBXProject;
			attributes = {
				LastSwiftUpdateCheck = 1240;
				LastUpgradeCheck = 1240;
				TargetAttributes = {
					5E0A419225F2F9A100B3A5E4 = {
						CreatedOnToolsVersion = 12.4;
					};
					5E0A41A325F2F9A300B3A5E4 = {
						CreatedOnToolsVersion = 12.4;
						TestTargetID = 5E0A419225F2F9A100B3A5E4;
					};
					5E0A41AE25F2F9A300B3A5E4 = {
						CreatedOnToolsVersion = 12.4;
						TestTargetID = 5E0A419225F2F9A100B3A5E4;
					};
				};
			};
			buildConfigurationList = 5E0A418E25F2F9A100B3A5E4 /* Build configuration list for PBXProject "SmartGlasses" */;
			compatibilityVersion = "Xcode 9.3";
			developmentRegion = en;
			hasScannedForEncodings = 0;
			knownRegions = (
				en,
				Base,
			);
			mainGroup = 5E0A418A25F2F9A100B3A5E4;
			productRefGroup = 5E0A419425F2F9A100B3A5E4 /* Products */;
			projectDirPath = "";
			projectRoot = "";
			targets = (
				5E0A419225F2F9A100B3A5E4 /* SmartGlasses */,
				5E0A41A325F2F9A300B3A5E4 /* SmartGlassesTests */,
				5E0A41AE25F2F9A300B3A5E4 /* SmartGlassesUITests */,
			);
		};
/* End PBXProject section */

/* Begin PBXResourcesBuildPhase section */
		5E0A419125F2F9A100B3A5E4 /* Resources */ = {
			isa = PBXResourcesBuildPhase;
			buildActionMask = 2147483647;
			files = (
				5E5815B0260D81A500AC0630 /* image.jpeg in Resources */,
				5E0A419E25F2F9A300B3A5E4 /* Preview Assets.xcassets in Resources */,
				5E5815BA260D85A500AC0630 /* boat.jpeg in Resources */,
				5E5815B5260D849500AC0630 /* monkey.jpeg in Resources */,
				5E0A419B25F2F9A300B3A5E4 /* Assets.xcassets in Resources */,
			);
			runOnlyForDeploymentPostprocessing = 0;
		};
		5E0A41A225F2F9A300B3A5E4 /* Resources */ = {
			isa = PBXResourcesBuildPhase;
			buildActionMask = 2147483647;
			files = (
			);
			runOnlyForDeploymentPostprocessing = 0;
		};
		5E0A41AD25F2F9A300B3A5E4 /* Resources */ = {
			isa = PBXResourcesBuildPhase;
			buildActionMask = 2147483647;
			files = (
			);
			runOnlyForDeploymentPostprocessing = 0;
		};
/* End PBXResourcesBuildPhase section */

/* Begin PBXShellScriptBuildPhase section */
		0F857C016359316ACF30A70C /* [CP] Copy Pods Resources */ = {
			isa = PBXShellScriptBuildPhase;
			buildActionMask = 2147483647;
			files = (
			);
			inputFileListPaths = (
				"${PODS_ROOT}/Target Support Files/Pods-SmartGlasses-SmartGlassesUITests/Pods-SmartGlasses-SmartGlassesUITests-resources-${CONFIGURATION}-input-files.xcfilelist",
			);
			name = "[CP] Copy Pods Resources";
			outputFileListPaths = (
				"${PODS_ROOT}/Target Support Files/Pods-SmartGlasses-SmartGlassesUITests/Pods-SmartGlasses-SmartGlassesUITests-resources-${CONFIGURATION}-output-files.xcfilelist",
			);
			runOnlyForDeploymentPostprocessing = 0;
			shellPath = /bin/sh;
			shellScript = "\"${PODS_ROOT}/Target Support Files/Pods-SmartGlasses-SmartGlassesUITests/Pods-SmartGlasses-SmartGlassesUITests-resources.sh\"\n";
			showEnvVarsInLog = 0;
		};
		2BC7735A70C8BE60654FF8E4 /* [CP] Copy Pods Resources */ = {
			isa = PBXShellScriptBuildPhase;
			buildActionMask = 2147483647;
			files = (
			);
			inputFileListPaths = (
				"${PODS_ROOT}/Target Support Files/Pods-SmartGlasses/Pods-SmartGlasses-resources-${CONFIGURATION}-input-files.xcfilelist",
			);
			name = "[CP] Copy Pods Resources";
			outputFileListPaths = (
				"${PODS_ROOT}/Target Support Files/Pods-SmartGlasses/Pods-SmartGlasses-resources-${CONFIGURATION}-output-files.xcfilelist",
			);
			runOnlyForDeploymentPostprocessing = 0;
			shellPath = /bin/sh;
			shellScript = "\"${PODS_ROOT}/Target Support Files/Pods-SmartGlasses/Pods-SmartGlasses-resources.sh\"\n";
			showEnvVarsInLog = 0;
		};
		82D2020ACEFA75EF30F915B3 /* [CP] Embed Pods Frameworks */ = {
			isa = PBXShellScriptBuildPhase;
			buildActionMask = 2147483647;
			files = (
			);
			inputFileListPaths = (
				"${PODS_ROOT}/Target Support Files/Pods-SmartGlasses/Pods-SmartGlasses-frameworks-${CONFIGURATION}-input-files.xcfilelist",
			);
			name = "[CP] Embed Pods Frameworks";
			outputFileListPaths = (
				"${PODS_ROOT}/Target Support Files/Pods-SmartGlasses/Pods-SmartGlasses-frameworks-${CONFIGURATION}-output-files.xcfilelist",
			);
			runOnlyForDeploymentPostprocessing = 0;
			shellPath = /bin/sh;
			shellScript = "\"${PODS_ROOT}/Target Support Files/Pods-SmartGlasses/Pods-SmartGlasses-frameworks.sh\"\n";
			showEnvVarsInLog = 0;
		};
		8E3AAADDE43E7E119C5E1547 /* [CP] Embed Pods Frameworks */ = {
			isa = PBXShellScriptBuildPhase;
			buildActionMask = 2147483647;
			files = (
			);
			inputFileListPaths = (
				"${PODS_ROOT}/Target Support Files/Pods-SmartGlasses-SmartGlassesUITests/Pods-SmartGlasses-SmartGlassesUITests-frameworks-${CONFIGURATION}-input-files.xcfilelist",
			);
			name = "[CP] Embed Pods Frameworks";
			outputFileListPaths = (
				"${PODS_ROOT}/Target Support Files/Pods-SmartGlasses-SmartGlassesUITests/Pods-SmartGlasses-SmartGlassesUITests-frameworks-${CONFIGURATION}-output-files.xcfilelist",
			);
			runOnlyForDeploymentPostprocessing = 0;
			shellPath = /bin/sh;
			shellScript = "\"${PODS_ROOT}/Target Support Files/Pods-SmartGlasses-SmartGlassesUITests/Pods-SmartGlasses-SmartGlassesUITests-frameworks.sh\"\n";
			showEnvVarsInLog = 0;
		};
		968D3D17AFA0AA51835EF413 /* [CP] Check Pods Manifest.lock */ = {
			isa = PBXShellScriptBuildPhase;
			buildActionMask = 2147483647;
			files = (
			);
			inputFileListPaths = (
			);
			inputPaths = (
				"${PODS_PODFILE_DIR_PATH}/Podfile.lock",
				"${PODS_ROOT}/Manifest.lock",
			);
			name = "[CP] Check Pods Manifest.lock";
			outputFileListPaths = (
			);
			outputPaths = (
				"$(DERIVED_FILE_DIR)/Pods-SmartGlasses-SmartGlassesUITests-checkManifestLockResult.txt",
			);
			runOnlyForDeploymentPostprocessing = 0;
			shellPath = /bin/sh;
			shellScript = "diff \"${PODS_PODFILE_DIR_PATH}/Podfile.lock\" \"${PODS_ROOT}/Manifest.lock\" > /dev/null\nif [ $? != 0 ] ; then\n    # print error to STDERR\n    echo \"error: The sandbox is not in sync with the Podfile.lock. Run 'pod install' or update your CocoaPods installation.\" >&2\n    exit 1\nfi\n# This output is used by Xcode 'outputs' to avoid re-running this script phase.\necho \"SUCCESS\" > \"${SCRIPT_OUTPUT_FILE_0}\"\n";
			showEnvVarsInLog = 0;
		};
		C8CA80144C9DF5BB28532002 /* [CP] Check Pods Manifest.lock */ = {
			isa = PBXShellScriptBuildPhase;
			buildActionMask = 2147483647;
			files = (
			);
			inputFileListPaths = (
			);
			inputPaths = (
				"${PODS_PODFILE_DIR_PATH}/Podfile.lock",
				"${PODS_ROOT}/Manifest.lock",
			);
			name = "[CP] Check Pods Manifest.lock";
			outputFileListPaths = (
			);
			outputPaths = (
				"$(DERIVED_FILE_DIR)/Pods-SmartGlasses-checkManifestLockResult.txt",
			);
			runOnlyForDeploymentPostprocessing = 0;
			shellPath = /bin/sh;
			shellScript = "diff \"${PODS_PODFILE_DIR_PATH}/Podfile.lock\" \"${PODS_ROOT}/Manifest.lock\" > /dev/null\nif [ $? != 0 ] ; then\n    # print error to STDERR\n    echo \"error: The sandbox is not in sync with the Podfile.lock. Run 'pod install' or update your CocoaPods installation.\" >&2\n    exit 1\nfi\n# This output is used by Xcode 'outputs' to avoid re-running this script phase.\necho \"SUCCESS\" > \"${SCRIPT_OUTPUT_FILE_0}\"\n";
			showEnvVarsInLog = 0;
		};
		F9EEF392FC9662700964F792 /* [CP] Check Pods Manifest.lock */ = {
			isa = PBXShellScriptBuildPhase;
			buildActionMask = 2147483647;
			files = (
			);
			inputFileListPaths = (
			);
			inputPaths = (
				"${PODS_PODFILE_DIR_PATH}/Podfile.lock",
				"${PODS_ROOT}/Manifest.lock",
			);
			name = "[CP] Check Pods Manifest.lock";
			outputFileListPaths = (
			);
			outputPaths = (
				"$(DERIVED_FILE_DIR)/Pods-SmartGlassesTests-checkManifestLockResult.txt",
			);
			runOnlyForDeploymentPostprocessing = 0;
			shellPath = /bin/sh;
			shellScript = "diff \"${PODS_PODFILE_DIR_PATH}/Podfile.lock\" \"${PODS_ROOT}/Manifest.lock\" > /dev/null\nif [ $? != 0 ] ; then\n    # print error to STDERR\n    echo \"error: The sandbox is not in sync with the Podfile.lock. Run 'pod install' or update your CocoaPods installation.\" >&2\n    exit 1\nfi\n# This output is used by Xcode 'outputs' to avoid re-running this script phase.\necho \"SUCCESS\" > \"${SCRIPT_OUTPUT_FILE_0}\"\n";
			showEnvVarsInLog = 0;
		};
/* End PBXShellScriptBuildPhase section */

/* Begin PBXSourcesBuildPhase section */
		5E0A418F25F2F9A100B3A5E4 /* Sources */ = {
			isa = PBXSourcesBuildPhase;
			buildActionMask = 2147483647;
			files = (
				5E20E749260D7D2000F606F2 /* Recognizer.swift in Sources */,
				5E0A419925F2F9A100B3A5E4 /* ContentView.swift in Sources */,
				5E0A419725F2F9A100B3A5E4 /* SmartGlassesApp.swift in Sources */,
			);
			runOnlyForDeploymentPostprocessing = 0;
		};
		5E0A41A025F2F9A300B3A5E4 /* Sources */ = {
			isa = PBXSourcesBuildPhase;
			buildActionMask = 2147483647;
			files = (
				5E0A41A925F2F9A300B3A5E4 /* SmartGlassesTests.swift in Sources */,
			);
			runOnlyForDeploymentPostprocessing = 0;
		};
		5E0A41AB25F2F9A300B3A5E4 /* Sources */ = {
			isa = PBXSourcesBuildPhase;
			buildActionMask = 2147483647;
			files = (
				5E0A41B425F2F9A300B3A5E4 /* SmartGlassesUITests.swift in Sources */,
			);
			runOnlyForDeploymentPostprocessing = 0;
		};
/* End PBXSourcesBuildPhase section */

/* Begin PBXTargetDependency section */
		5E0A41A625F2F9A300B3A5E4 /* PBXTargetDependency */ = {
			isa = PBXTargetDependency;
			target = 5E0A419225F2F9A100B3A5E4 /* SmartGlasses */;
			targetProxy = 5E0A41A525F2F9A300B3A5E4 /* PBXContainerItemProxy */;
		};
		5E0A41B125F2F9A300B3A5E4 /* PBXTargetDependency */ = {
			isa = PBXTargetDependency;
			target = 5E0A419225F2F9A100B3A5E4 /* SmartGlasses */;
			targetProxy = 5E0A41B025F2F9A300B3A5E4 /* PBXContainerItemProxy */;
		};
/* End PBXTargetDependency section */

/* Begin XCBuildConfiguration section */
		5E0A41B625F2F9A300B3A5E4 /* Debug */ = {
			isa = XCBuildConfiguration;
			buildSettings = {
				ALWAYS_SEARCH_USER_PATHS = NO;
				CLANG_ANALYZER_NONNULL = YES;
				CLANG_ANALYZER_NUMBER_OBJECT_CONVERSION = YES_AGGRESSIVE;
				CLANG_CXX_LANGUAGE_STANDARD = "gnu++14";
				CLANG_CXX_LIBRARY = "libc++";
				CLANG_ENABLE_MODULES = YES;
				CLANG_ENABLE_OBJC_ARC = YES;
				CLANG_ENABLE_OBJC_WEAK = YES;
				CLANG_WARN_BLOCK_CAPTURE_AUTORELEASING = YES;
				CLANG_WARN_BOOL_CONVERSION = YES;
				CLANG_WARN_COMMA = YES;
				CLANG_WARN_CONSTANT_CONVERSION = YES;
				CLANG_WARN_DEPRECATED_OBJC_IMPLEMENTATIONS = YES;
				CLANG_WARN_DIRECT_OBJC_ISA_USAGE = YES_ERROR;
				CLANG_WARN_DOCUMENTATION_COMMENTS = YES;
				CLANG_WARN_EMPTY_BODY = YES;
				CLANG_WARN_ENUM_CONVERSION = YES;
				CLANG_WARN_INFINITE_RECURSION = YES;
				CLANG_WARN_INT_CONVERSION = YES;
				CLANG_WARN_NON_LITERAL_NULL_CONVERSION = YES;
				CLANG_WARN_OBJC_IMPLICIT_RETAIN_SELF = YES;
				CLANG_WARN_OBJC_LITERAL_CONVERSION = YES;
				CLANG_WARN_OBJC_ROOT_CLASS = YES_ERROR;
				CLANG_WARN_QUOTED_INCLUDE_IN_FRAMEWORK_HEADER = YES;
				CLANG_WARN_RANGE_LOOP_ANALYSIS = YES;
				CLANG_WARN_STRICT_PROTOTYPES = YES;
				CLANG_WARN_SUSPICIOUS_MOVE = YES;
				CLANG_WARN_UNGUARDED_AVAILABILITY = YES_AGGRESSIVE;
				CLANG_WARN_UNREACHABLE_CODE = YES;
				CLANG_WARN__DUPLICATE_METHOD_MATCH = YES;
				COPY_PHASE_STRIP = NO;
				DEBUG_INFORMATION_FORMAT = dwarf;
				ENABLE_STRICT_OBJC_MSGSEND = YES;
				ENABLE_TESTABILITY = YES;
				GCC_C_LANGUAGE_STANDARD = gnu11;
				GCC_DYNAMIC_NO_PIC = NO;
				GCC_NO_COMMON_BLOCKS = YES;
				GCC_OPTIMIZATION_LEVEL = 0;
				GCC_PREPROCESSOR_DEFINITIONS = (
					"DEBUG=1",
					"$(inherited)",
				);
				GCC_WARN_64_TO_32_BIT_CONVERSION = YES;
				GCC_WARN_ABOUT_RETURN_TYPE = YES_ERROR;
				GCC_WARN_UNDECLARED_SELECTOR = YES;
				GCC_WARN_UNINITIALIZED_AUTOS = YES_AGGRESSIVE;
				GCC_WARN_UNUSED_FUNCTION = YES;
				GCC_WARN_UNUSED_VARIABLE = YES;
				IPHONEOS_DEPLOYMENT_TARGET = 14.4;
				MTL_ENABLE_DEBUG_INFO = INCLUDE_SOURCE;
				MTL_FAST_MATH = YES;
				ONLY_ACTIVE_ARCH = YES;
				SDKROOT = iphoneos;
				SWIFT_ACTIVE_COMPILATION_CONDITIONS = DEBUG;
				SWIFT_OPTIMIZATION_LEVEL = "-Onone";
			};
			name = Debug;
		};
		5E0A41B725F2F9A300B3A5E4 /* Release */ = {
			isa = XCBuildConfiguration;
			buildSettings = {
				ALWAYS_SEARCH_USER_PATHS = NO;
				CLANG_ANALYZER_NONNULL = YES;
				CLANG_ANALYZER_NUMBER_OBJECT_CONVERSION = YES_AGGRESSIVE;
				CLANG_CXX_LANGUAGE_STANDARD = "gnu++14";
				CLANG_CXX_LIBRARY = "libc++";
				CLANG_ENABLE_MODULES = YES;
				CLANG_ENABLE_OBJC_ARC = YES;
				CLANG_ENABLE_OBJC_WEAK = YES;
				CLANG_WARN_BLOCK_CAPTURE_AUTORELEASING = YES;
				CLANG_WARN_BOOL_CONVERSION = YES;
				CLANG_WARN_COMMA = YES;
				CLANG_WARN_CONSTANT_CONVERSION = YES;
				CLANG_WARN_DEPRECATED_OBJC_IMPLEMENTATIONS = YES;
				CLANG_WARN_DIRECT_OBJC_ISA_USAGE = YES_ERROR;
				CLANG_WARN_DOCUMENTATION_COMMENTS = YES;
				CLANG_WARN_EMPTY_BODY = YES;
				CLANG_WARN_ENUM_CONVERSION = YES;
				CLANG_WARN_INFINITE_RECURSION = YES;
				CLANG_WARN_INT_CONVERSION = YES;
				CLANG_WARN_NON_LITERAL_NULL_CONVERSION = YES;
				CLANG_WARN_OBJC_IMPLICIT_RETAIN_SELF = YES;
				CLANG_WARN_OBJC_LITERAL_CONVERSION = YES;
				CLANG_WARN_OBJC_ROOT_CLASS = YES_ERROR;
				CLANG_WARN_QUOTED_INCLUDE_IN_FRAMEWORK_HEADER = YES;
				CLANG_WARN_RANGE_LOOP_ANALYSIS = YES;
				CLANG_WARN_STRICT_PROTOTYPES = YES;
				CLANG_WARN_SUSPICIOUS_MOVE = YES;
				CLANG_WARN_UNGUARDED_AVAILABILITY = YES_AGGRESSIVE;
				CLANG_WARN_UNREACHABLE_CODE = YES;
				CLANG_WARN__DUPLICATE_METHOD_MATCH = YES;
				COPY_PHASE_STRIP = NO;
				DEBUG_INFORMATION_FORMAT = "dwarf-with-dsym";
				ENABLE_NS_ASSERTIONS = NO;
				ENABLE_STRICT_OBJC_MSGSEND = YES;
				GCC_C_LANGUAGE_STANDARD = gnu11;
				GCC_NO_COMMON_BLOCKS = YES;
				GCC_WARN_64_TO_32_BIT_CONVERSION = YES;
				GCC_WARN_ABOUT_RETURN_TYPE = YES_ERROR;
				GCC_WARN_UNDECLARED_SELECTOR = YES;
				GCC_WARN_UNINITIALIZED_AUTOS = YES_AGGRESSIVE;
				GCC_WARN_UNUSED_FUNCTION = YES;
				GCC_WARN_UNUSED_VARIABLE = YES;
				IPHONEOS_DEPLOYMENT_TARGET = 14.4;
				MTL_ENABLE_DEBUG_INFO = NO;
				MTL_FAST_MATH = YES;
				SDKROOT = iphoneos;
				SWIFT_COMPILATION_MODE = wholemodule;
				SWIFT_OPTIMIZATION_LEVEL = "-O";
				VALIDATE_PRODUCT = YES;
			};
			name = Release;
		};
		5E0A41B925F2F9A300B3A5E4 /* Debug */ = {
			isa = XCBuildConfiguration;
			baseConfigurationReference = 1FB90666F8298CBED58C678F /* Pods-SmartGlasses.debug.xcconfig */;
			buildSettings = {
				ASSETCATALOG_COMPILER_APPICON_NAME = AppIcon;
				ASSETCATALOG_COMPILER_GLOBAL_ACCENT_COLOR_NAME = AccentColor;
				CODE_SIGN_STYLE = Automatic;
				DEVELOPMENT_ASSET_PATHS = "\"SmartGlasses/Preview Content\"";
				DEVELOPMENT_TEAM = LJ32KZVZ54;
				ENABLE_PREVIEWS = YES;
				INFOPLIST_FILE = SmartGlasses/Info.plist;
				IPHONEOS_DEPLOYMENT_TARGET = 14.0;
				LD_RUNPATH_SEARCH_PATHS = (
					"$(inherited)",
					"@executable_path/Frameworks",
				);
				PRODUCT_BUNDLE_IDENTIFIER = com.devinmui.SmartGlasses;
				PRODUCT_NAME = "$(TARGET_NAME)";
				SWIFT_VERSION = 5.0;
				TARGETED_DEVICE_FAMILY = "1,2";
			};
			name = Debug;
		};
		5E0A41BA25F2F9A300B3A5E4 /* Release */ = {
			isa = XCBuildConfiguration;
			baseConfigurationReference = 2C712650829BCA435FFAB4FB /* Pods-SmartGlasses.release.xcconfig */;
			buildSettings = {
				ASSETCATALOG_COMPILER_APPICON_NAME = AppIcon;
				ASSETCATALOG_COMPILER_GLOBAL_ACCENT_COLOR_NAME = AccentColor;
				CODE_SIGN_STYLE = Automatic;
				DEVELOPMENT_ASSET_PATHS = "\"SmartGlasses/Preview Content\"";
				DEVELOPMENT_TEAM = LJ32KZVZ54;
				ENABLE_PREVIEWS = YES;
				INFOPLIST_FILE = SmartGlasses/Info.plist;
				IPHONEOS_DEPLOYMENT_TARGET = 14.0;
				LD_RUNPATH_SEARCH_PATHS = (
					"$(inherited)",
					"@executable_path/Frameworks",
				);
				PRODUCT_BUNDLE_IDENTIFIER = com.devinmui.SmartGlasses;
				PRODUCT_NAME = "$(TARGET_NAME)";
				SWIFT_VERSION = 5.0;
				TARGETED_DEVICE_FAMILY = "1,2";
			};
			name = Release;
		};
		5E0A41BC25F2F9A300B3A5E4 /* Debug */ = {
			isa = XCBuildConfiguration;
			baseConfigurationReference = 07619EBCFD7D5DAAF5B0B7A1 /* Pods-SmartGlassesTests.debug.xcconfig */;
			buildSettings = {
				ALWAYS_EMBED_SWIFT_STANDARD_LIBRARIES = YES;
				BUNDLE_LOADER = "$(TEST_HOST)";
				CODE_SIGN_STYLE = Automatic;
				DEVELOPMENT_TEAM = LJ32KZVZ54;
				INFOPLIST_FILE = SmartGlassesTests/Info.plist;
				IPHONEOS_DEPLOYMENT_TARGET = 14.0;
				LD_RUNPATH_SEARCH_PATHS = (
					"$(inherited)",
					"@executable_path/Frameworks",
					"@loader_path/Frameworks",
				);
				PRODUCT_BUNDLE_IDENTIFIER = com.devinmui.SmartGlassesTests;
				PRODUCT_NAME = "$(TARGET_NAME)";
				SWIFT_VERSION = 5.0;
				TARGETED_DEVICE_FAMILY = "1,2";
				TEST_HOST = "$(BUILT_PRODUCTS_DIR)/SmartGlasses.app/SmartGlasses";
			};
			name = Debug;
		};
		5E0A41BD25F2F9A300B3A5E4 /* Release */ = {
			isa = XCBuildConfiguration;
			baseConfigurationReference = B32185ABD3475122A230FE10 /* Pods-SmartGlassesTests.release.xcconfig */;
			buildSettings = {
				ALWAYS_EMBED_SWIFT_STANDARD_LIBRARIES = YES;
				BUNDLE_LOADER = "$(TEST_HOST)";
				CODE_SIGN_STYLE = Automatic;
				DEVELOPMENT_TEAM = LJ32KZVZ54;
				INFOPLIST_FILE = SmartGlassesTests/Info.plist;
				IPHONEOS_DEPLOYMENT_TARGET = 14.0;
				LD_RUNPATH_SEARCH_PATHS = (
					"$(inherited)",
					"@executable_path/Frameworks",
					"@loader_path/Frameworks",
				);
				PRODUCT_BUNDLE_IDENTIFIER = com.devinmui.SmartGlassesTests;
				PRODUCT_NAME = "$(TARGET_NAME)";
				SWIFT_VERSION = 5.0;
				TARGETED_DEVICE_FAMILY = "1,2";
				TEST_HOST = "$(BUILT_PRODUCTS_DIR)/SmartGlasses.app/SmartGlasses";
			};
			name = Release;
		};
		5E0A41BF25F2F9A300B3A5E4 /* Debug */ = {
			isa = XCBuildConfiguration;
			baseConfigurationReference = 448E7AE3914378C8E5E7FDAC /* Pods-SmartGlasses-SmartGlassesUITests.debug.xcconfig */;
			buildSettings = {
				ALWAYS_EMBED_SWIFT_STANDARD_LIBRARIES = YES;
				CODE_SIGN_STYLE = Automatic;
				DEVELOPMENT_TEAM = LJ32KZVZ54;
				INFOPLIST_FILE = SmartGlassesUITests/Info.plist;
				LD_RUNPATH_SEARCH_PATHS = (
					"$(inherited)",
					"@executable_path/Frameworks",
					"@loader_path/Frameworks",
				);
				PRODUCT_BUNDLE_IDENTIFIER = com.devinmui.SmartGlassesUITests;
				PRODUCT_NAME = "$(TARGET_NAME)";
				SWIFT_VERSION = 5.0;
				TARGETED_DEVICE_FAMILY = "1,2";
				TEST_TARGET_NAME = SmartGlasses;
			};
			name = Debug;
		};
		5E0A41C025F2F9A300B3A5E4 /* Release */ = {
			isa = XCBuildConfiguration;
			baseConfigurationReference = 23B04D035CA66CBED58C84AD /* Pods-SmartGlasses-SmartGlassesUITests.release.xcconfig */;
			buildSettings = {
				ALWAYS_EMBED_SWIFT_STANDARD_LIBRARIES = YES;
				CODE_SIGN_STYLE = Automatic;
				DEVELOPMENT_TEAM = LJ32KZVZ54;
				INFOPLIST_FILE = SmartGlassesUITests/Info.plist;
				LD_RUNPATH_SEARCH_PATHS = (
					"$(inherited)",
					"@executable_path/Frameworks",
					"@loader_path/Frameworks",
				);
				PRODUCT_BUNDLE_IDENTIFIER = com.devinmui.SmartGlassesUITests;
				PRODUCT_NAME = "$(TARGET_NAME)";
				SWIFT_VERSION = 5.0;
				TARGETED_DEVICE_FAMILY = "1,2";
				TEST_TARGET_NAME = SmartGlasses;
			};
			name = Release;
		};
/* End XCBuildConfiguration section */

/* Begin XCConfigurationList section */
		5E0A418E25F2F9A100B3A5E4 /* Build configuration list for PBXProject "SmartGlasses" */ = {
			isa = XCConfigurationList;
			buildConfigurations = (
				5E0A41B625F2F9A300B3A5E4 /* Debug */,
				5E0A41B725F2F9A300B3A5E4 /* Release */,
			);
			defaultConfigurationIsVisible = 0;
			defaultConfigurationName = Release;
		};
		5E0A41B825F2F9A300B3A5E4 /* Build configuration list for PBXNativeTarget "SmartGlasses" */ = {
			isa = XCConfigurationList;
			buildConfigurations = (
				5E0A41B925F2F9A300B3A5E4 /* Debug */,
				5E0A41BA25F2F9A300B3A5E4 /* Release */,
			);
			defaultConfigurationIsVisible = 0;
			defaultConfigurationName = Release;
		};
		5E0A41BB25F2F9A300B3A5E4 /* Build configuration list for PBXNativeTarget "SmartGlassesTests" */ = {
			isa = XCConfigurationList;
			buildConfigurations = (
				5E0A41BC25F2F9A300B3A5E4 /* Debug */,
				5E0A41BD25F2F9A300B3A5E4 /* Release */,
			);
			defaultConfigurationIsVisible = 0;
			defaultConfigurationName = Release;
		};
		5E0A41BE25F2F9A300B3A5E4 /* Build configuration list for PBXNativeTarget "SmartGlassesUITests" */ = {
			isa = XCConfigurationList;
			buildConfigurations = (
				5E0A41BF25F2F9A300B3A5E4 /* Debug */,
				5E0A41C025F2F9A300B3A5E4 /* Release */,
			);
			defaultConfigurationIsVisible = 0;
			defaultConfigurationName = Release;
		};
/* End XCConfigurationList section */
	};
	rootObject = 5E0A418B25F2F9A100B3A5E4 /* Project object */;
}
